
Microsoft Visual Studio Solution File, Format Version 12.00
# Visual Studio 15
VisualStudioVersion = 15.0.25914.0
MinimumVisualStudioVersion = 10.0.40219.1
Project("{FAE04EC0-301F-11D3-BF4B-00C04F79EFBC}") = "ArmyBuilder.Core", "ArmyBuilder\ArmyBuilder.Core\ArmyBuilder.Core.csproj", "{74043E51-EF7B-4CE1-AF3F-7612ED1D05B6}"
EndProject
Project("{FAE04EC0-301F-11D3-BF4B-00C04F79EFBC}") = "ArmyBuilder.Windows", "ArmyBuilder\ArmyBuilder.Windows\ArmyBuilder.Windows.csproj", "{6A358B17-A745-4885-B39B-CBF90AD4E27E}"
EndProject
Project("{FAE04EC0-301F-11D3-BF4B-00C04F79EFBC}") = "Slycoder", "ArmyBuilder\Slycoder\Slycoder.csproj", "{E00901DB-1497-4FF4-AC41-5E4A8E9B5851}"
EndProject
Project("{FAE04EC0-301F-11D3-BF4B-00C04F79EFBC}") = "ArmyBuilder.Test", "ArmyBuilder.Test\ArmyBuilder.Test.csproj", "{B50F7A5B-A17E-4708-9349-A52AC6988C91}"
EndProject
Project("{FAE04EC0-301F-11D3-BF4B-00C04F79EFBC}") = "ArmyBuilder.XMLEditor", "ArmyBuilder.XMLEditor\ArmyBuilder.XMLEditor.csproj", "{28E9E1CD-44C9-41E9-A129-848460474B62}"
EndProject
Project("{2150E333-8FDC-42A3-9474-1A3956D46DE8}") = "ArmyData", "ArmyData", "{B86A43DB-717B-402D-876C-EAC2EA4EE209}"
	ProjectSection(SolutionItems) = preProject
		ARmyData\Sylvaneth.xml = ARmyData\Sylvaneth.xml
	EndProjectSection
EndProject
Global
	GlobalSection(SolutionConfigurationPlatforms) = preSolution
		Ad-Hoc|Any CPU = Ad-Hoc|Any CPU
		Ad-Hoc|ARM = Ad-Hoc|ARM
		Ad-Hoc|iPhone = Ad-Hoc|iPhone
		Ad-Hoc|iPhoneSimulator = Ad-Hoc|iPhoneSimulator
		Ad-Hoc|x64 = Ad-Hoc|x64
		Ad-Hoc|x86 = Ad-Hoc|x86
		AppStore|Any CPU = AppStore|Any CPU
		AppStore|ARM = AppStore|ARM
		AppStore|iPhone = AppStore|iPhone
		AppStore|iPhoneSimulator = AppStore|iPhoneSimulator
		AppStore|x64 = AppStore|x64
		AppStore|x86 = AppStore|x86
		Debug|Any CPU = Debug|Any CPU
		Debug|ARM = Debug|ARM
		Debug|iPhone = Debug|iPhone
		Debug|iPhoneSimulator = Debug|iPhoneSimulator
		Debug|x64 = Debug|x64
		Debug|x86 = Debug|x86
		Release|Any CPU = Release|Any CPU
		Release|ARM = Release|ARM
		Release|iPhone = Release|iPhone
		Release|iPhoneSimulator = Release|iPhoneSimulator
		Release|x64 = Release|x64
		Release|x86 = Release|x86
	EndGlobalSection
	GlobalSection(ProjectConfigurationPlatforms) = postSolution
		{74043E51-EF7B-4CE1-AF3F-7612ED1D05B6}.Ad-Hoc|Any CPU.ActiveCfg = Release|Any CPU
		{74043E51-EF7B-4CE1-AF3F-7612ED1D05B6}.Ad-Hoc|Any CPU.Build.0 = Release|Any CPU
		{74043E51-EF7B-4CE1-AF3F-7612ED1D05B6}.Ad-Hoc|ARM.ActiveCfg = Release|Any CPU
		{74043E51-EF7B-4CE1-AF3F-7612ED1D05B6}.Ad-Hoc|ARM.Build.0 = Release|Any CPU
		{74043E51-EF7B-4CE1-AF3F-7612ED1D05B6}.Ad-Hoc|iPhone.ActiveCfg = Release|Any CPU
		{74043E51-EF7B-4CE1-AF3F-7612ED1D05B6}.Ad-Hoc|iPhone.Build.0 = Release|Any CPU
		{74043E51-EF7B-4CE1-AF3F-7612ED1D05B6}.Ad-Hoc|iPhoneSimulator.ActiveCfg = Release|Any CPU
		{74043E51-EF7B-4CE1-AF3F-7612ED1D05B6}.Ad-Hoc|iPhoneSimulator.Build.0 = Release|Any CPU
		{74043E51-EF7B-4CE1-AF3F-7612ED1D05B6}.Ad-Hoc|x64.ActiveCfg = Release|Any CPU
		{74043E51-EF7B-4CE1-AF3F-7612ED1D05B6}.Ad-Hoc|x64.Build.0 = Release|Any CPU
		{74043E51-EF7B-4CE1-AF3F-7612ED1D05B6}.Ad-Hoc|x86.ActiveCfg = Release|Any CPU
		{74043E51-EF7B-4CE1-AF3F-7612ED1D05B6}.Ad-Hoc|x86.Build.0 = Release|Any CPU
		{74043E51-EF7B-4CE1-AF3F-7612ED1D05B6}.AppStore|Any CPU.ActiveCfg = Release|Any CPU
		{74043E51-EF7B-4CE1-AF3F-7612ED1D05B6}.AppStore|Any CPU.Build.0 = Release|Any CPU
		{74043E51-EF7B-4CE1-AF3F-7612ED1D05B6}.AppStore|ARM.ActiveCfg = Release|Any CPU
		{74043E51-EF7B-4CE1-AF3F-7612ED1D05B6}.AppStore|ARM.Build.0 = Release|Any CPU
		{74043E51-EF7B-4CE1-AF3F-7612ED1D05B6}.AppStore|iPhone.ActiveCfg = Release|Any CPU
		{74043E51-EF7B-4CE1-AF3F-7612ED1D05B6}.AppStore|iPhone.Build.0 = Release|Any CPU
		{74043E51-EF7B-4CE1-AF3F-7612ED1D05B6}.AppStore|iPhoneSimulator.ActiveCfg = Release|Any CPU
		{74043E51-EF7B-4CE1-AF3F-7612ED1D05B6}.AppStore|iPhoneSimulator.Build.0 = Release|Any CPU
		{74043E51-EF7B-4CE1-AF3F-7612ED1D05B6}.AppStore|x64.ActiveCfg = Release|Any CPU
		{74043E51-EF7B-4CE1-AF3F-7612ED1D05B6}.AppStore|x64.Build.0 = Release|Any CPU
		{74043E51-EF7B-4CE1-AF3F-7612ED1D05B6}.AppStore|x86.ActiveCfg = Release|Any CPU
		{74043E51-EF7B-4CE1-AF3F-7612ED1D05B6}.AppStore|x86.Build.0 = Release|Any CPU
		{74043E51-EF7B-4CE1-AF3F-7612ED1D05B6}.Debug|Any CPU.ActiveCfg = Debug|Any CPU
		{74043E51-EF7B-4CE1-AF3F-7612ED1D05B6}.Debug|Any CPU.Build.0 = Debug|Any CPU
		{74043E51-EF7B-4CE1-AF3F-7612ED1D05B6}.Debug|ARM.ActiveCfg = Debug|Any CPU
		{74043E51-EF7B-4CE1-AF3F-7612ED1D05B6}.Debug|ARM.Build.0 = Debug|Any CPU
		{74043E51-EF7B-4CE1-AF3F-7612ED1D05B6}.Debug|iPhone.ActiveCfg = Debug|Any CPU
		{74043E51-EF7B-4CE1-AF3F-7612ED1D05B6}.Debug|iPhone.Build.0 = Debug|Any CPU
		{74043E51-EF7B-4CE1-AF3F-7612ED1D05B6}.Debug|iPhoneSimulator.ActiveCfg = Debug|Any CPU
		{74043E51-EF7B-4CE1-AF3F-7612ED1D05B6}.Debug|iPhoneSimulator.Build.0 = Debug|Any CPU
		{74043E51-EF7B-4CE1-AF3F-7612ED1D05B6}.Debug|x64.ActiveCfg = Debug|Any CPU
		{74043E51-EF7B-4CE1-AF3F-7612ED1D05B6}.Debug|x64.Build.0 = Debug|Any CPU
		{74043E51-EF7B-4CE1-AF3F-7612ED1D05B6}.Debug|x86.ActiveCfg = Debug|Any CPU
		{74043E51-EF7B-4CE1-AF3F-7612ED1D05B6}.Debug|x86.Build.0 = Debug|Any CPU
		{74043E51-EF7B-4CE1-AF3F-7612ED1D05B6}.Release|Any CPU.ActiveCfg = Release|Any CPU
		{74043E51-EF7B-4CE1-AF3F-7612ED1D05B6}.Release|Any CPU.Build.0 = Release|Any CPU
		{74043E51-EF7B-4CE1-AF3F-7612ED1D05B6}.Release|ARM.ActiveCfg = Release|Any CPU
		{74043E51-EF7B-4CE1-AF3F-7612ED1D05B6}.Release|ARM.Build.0 = Release|Any CPU
		{74043E51-EF7B-4CE1-AF3F-7612ED1D05B6}.Release|iPhone.ActiveCfg = Release|Any CPU
		{74043E51-EF7B-4CE1-AF3F-7612ED1D05B6}.Release|iPhone.Build.0 = Release|Any CPU
		{74043E51-EF7B-4CE1-AF3F-7612ED1D05B6}.Release|iPhoneSimulator.ActiveCfg = Release|Any CPU
		{74043E51-EF7B-4CE1-AF3F-7612ED1D05B6}.Release|iPhoneSimulator.Build.0 = Release|Any CPU
		{74043E51-EF7B-4CE1-AF3F-7612ED1D05B6}.Release|x64.ActiveCfg = Release|Any CPU
		{74043E51-EF7B-4CE1-AF3F-7612ED1D05B6}.Release|x64.Build.0 = Release|Any CPU
		{74043E51-EF7B-4CE1-AF3F-7612ED1D05B6}.Release|x86.ActiveCfg = Release|Any CPU
		{74043E51-EF7B-4CE1-AF3F-7612ED1D05B6}.Release|x86.Build.0 = Release|Any CPU
		{6A358B17-A745-4885-B39B-CBF90AD4E27E}.Ad-Hoc|Any CPU.ActiveCfg = Release|Any CPU
		{6A358B17-A745-4885-B39B-CBF90AD4E27E}.Ad-Hoc|Any CPU.Build.0 = Release|Any CPU
		{6A358B17-A745-4885-B39B-CBF90AD4E27E}.Ad-Hoc|ARM.ActiveCfg = Release|Any CPU
		{6A358B17-A745-4885-B39B-CBF90AD4E27E}.Ad-Hoc|ARM.Build.0 = Release|Any CPU
		{6A358B17-A745-4885-B39B-CBF90AD4E27E}.Ad-Hoc|iPhone.ActiveCfg = Release|Any CPU
		{6A358B17-A745-4885-B39B-CBF90AD4E27E}.Ad-Hoc|iPhone.Build.0 = Release|Any CPU
		{6A358B17-A745-4885-B39B-CBF90AD4E27E}.Ad-Hoc|iPhoneSimulator.ActiveCfg = Release|Any CPU
		{6A358B17-A745-4885-B39B-CBF90AD4E27E}.Ad-Hoc|iPhoneSimulator.Build.0 = Release|Any CPU
		{6A358B17-A745-4885-B39B-CBF90AD4E27E}.Ad-Hoc|x64.ActiveCfg = Release|Any CPU
		{6A358B17-A745-4885-B39B-CBF90AD4E27E}.Ad-Hoc|x64.Build.0 = Release|Any CPU
		{6A358B17-A745-4885-B39B-CBF90AD4E27E}.Ad-Hoc|x86.ActiveCfg = Release|Any CPU
		{6A358B17-A745-4885-B39B-CBF90AD4E27E}.Ad-Hoc|x86.Build.0 = Release|Any CPU
		{6A358B17-A745-4885-B39B-CBF90AD4E27E}.AppStore|Any CPU.ActiveCfg = Release|Any CPU
		{6A358B17-A745-4885-B39B-CBF90AD4E27E}.AppStore|Any CPU.Build.0 = Release|Any CPU
		{6A358B17-A745-4885-B39B-CBF90AD4E27E}.AppStore|ARM.ActiveCfg = Release|Any CPU
		{6A358B17-A745-4885-B39B-CBF90AD4E27E}.AppStore|ARM.Build.0 = Release|Any CPU
		{6A358B17-A745-4885-B39B-CBF90AD4E27E}.AppStore|iPhone.ActiveCfg = Release|Any CPU
		{6A358B17-A745-4885-B39B-CBF90AD4E27E}.AppStore|iPhone.Build.0 = Release|Any CPU
		{6A358B17-A745-4885-B39B-CBF90AD4E27E}.AppStore|iPhoneSimulator.ActiveCfg = Release|Any CPU
		{6A358B17-A745-4885-B39B-CBF90AD4E27E}.AppStore|iPhoneSimulator.Build.0 = Release|Any CPU
		{6A358B17-A745-4885-B39B-CBF90AD4E27E}.AppStore|x64.ActiveCfg = Release|Any CPU
		{6A358B17-A745-4885-B39B-CBF90AD4E27E}.AppStore|x64.Build.0 = Release|Any CPU
		{6A358B17-A745-4885-B39B-CBF90AD4E27E}.AppStore|x86.ActiveCfg = Release|Any CPU
		{6A358B17-A745-4885-B39B-CBF90AD4E27E}.AppStore|x86.Build.0 = Release|Any CPU
		{6A358B17-A745-4885-B39B-CBF90AD4E27E}.Debug|Any CPU.ActiveCfg = Debug|Any CPU
		{6A358B17-A745-4885-B39B-CBF90AD4E27E}.Debug|Any CPU.Build.0 = Debug|Any CPU
		{6A358B17-A745-4885-B39B-CBF90AD4E27E}.Debug|ARM.ActiveCfg = Debug|Any CPU
		{6A358B17-A745-4885-B39B-CBF90AD4E27E}.Debug|ARM.Build.0 = Debug|Any CPU
		{6A358B17-A745-4885-B39B-CBF90AD4E27E}.Debug|iPhone.ActiveCfg = Debug|Any CPU
		{6A358B17-A745-4885-B39B-CBF90AD4E27E}.Debug|iPhone.Build.0 = Debug|Any CPU
		{6A358B17-A745-4885-B39B-CBF90AD4E27E}.Debug|iPhoneSimulator.ActiveCfg = Debug|Any CPU
		{6A358B17-A745-4885-B39B-CBF90AD4E27E}.Debug|iPhoneSimulator.Build.0 = Debug|Any CPU
		{6A358B17-A745-4885-B39B-CBF90AD4E27E}.Debug|x64.ActiveCfg = Debug|Any CPU
		{6A358B17-A745-4885-B39B-CBF90AD4E27E}.Debug|x64.Build.0 = Debug|Any CPU
		{6A358B17-A745-4885-B39B-CBF90AD4E27E}.Debug|x86.ActiveCfg = Debug|Any CPU
		{6A358B17-A745-4885-B39B-CBF90AD4E27E}.Debug|x86.Build.0 = Debug|Any CPU
		{6A358B17-A745-4885-B39B-CBF90AD4E27E}.Release|Any CPU.ActiveCfg = Release|Any CPU
		{6A358B17-A745-4885-B39B-CBF90AD4E27E}.Release|Any CPU.Build.0 = Release|Any CPU
		{6A358B17-A745-4885-B39B-CBF90AD4E27E}.Release|ARM.ActiveCfg = Release|Any CPU
		{6A358B17-A745-4885-B39B-CBF90AD4E27E}.Release|ARM.Build.0 = Release|Any CPU
		{6A358B17-A745-4885-B39B-CBF90AD4E27E}.Release|iPhone.ActiveCfg = Release|Any CPU
		{6A358B17-A745-4885-B39B-CBF90AD4E27E}.Release|iPhone.Build.0 = Release|Any CPU
		{6A358B17-A745-4885-B39B-CBF90AD4E27E}.Release|iPhoneSimulator.ActiveCfg = Release|Any CPU
		{6A358B17-A745-4885-B39B-CBF90AD4E27E}.Release|iPhoneSimulator.Build.0 = Release|Any CPU
		{6A358B17-A745-4885-B39B-CBF90AD4E27E}.Release|x64.ActiveCfg = Release|Any CPU
		{6A358B17-A745-4885-B39B-CBF90AD4E27E}.Release|x64.Build.0 = Release|Any CPU
		{6A358B17-A745-4885-B39B-CBF90AD4E27E}.Release|x86.ActiveCfg = Release|Any CPU
		{6A358B17-A745-4885-B39B-CBF90AD4E27E}.Release|x86.Build.0 = Release|Any CPU
		{E00901DB-1497-4FF4-AC41-5E4A8E9B5851}.Ad-Hoc|Any CPU.ActiveCfg = Release|Any CPU
		{E00901DB-1497-4FF4-AC41-5E4A8E9B5851}.Ad-Hoc|Any CPU.Build.0 = Release|Any CPU
		{E00901DB-1497-4FF4-AC41-5E4A8E9B5851}.Ad-Hoc|ARM.ActiveCfg = Release|Any CPU
		{E00901DB-1497-4FF4-AC41-5E4A8E9B5851}.Ad-Hoc|ARM.Build.0 = Release|Any CPU
		{E00901DB-1497-4FF4-AC41-5E4A8E9B5851}.Ad-Hoc|iPhone.ActiveCfg = Release|Any CPU
		{E00901DB-1497-4FF4-AC41-5E4A8E9B5851}.Ad-Hoc|iPhone.Build.0 = Release|Any CPU
		{E00901DB-1497-4FF4-AC41-5E4A8E9B5851}.Ad-Hoc|iPhoneSimulator.ActiveCfg = Release|Any CPU
		{E00901DB-1497-4FF4-AC41-5E4A8E9B5851}.Ad-Hoc|iPhoneSimulator.Build.0 = Release|Any CPU
		{E00901DB-1497-4FF4-AC41-5E4A8E9B5851}.Ad-Hoc|x64.ActiveCfg = Release|Any CPU
		{E00901DB-1497-4FF4-AC41-5E4A8E9B5851}.Ad-Hoc|x64.Build.0 = Release|Any CPU
		{E00901DB-1497-4FF4-AC41-5E4A8E9B5851}.Ad-Hoc|x86.ActiveCfg = Release|Any CPU
		{E00901DB-1497-4FF4-AC41-5E4A8E9B5851}.Ad-Hoc|x86.Build.0 = Release|Any CPU
		{E00901DB-1497-4FF4-AC41-5E4A8E9B5851}.AppStore|Any CPU.ActiveCfg = Release|Any CPU
		{E00901DB-1497-4FF4-AC41-5E4A8E9B5851}.AppStore|Any CPU.Build.0 = Release|Any CPU
		{E00901DB-1497-4FF4-AC41-5E4A8E9B5851}.AppStore|ARM.ActiveCfg = Release|Any CPU
		{E00901DB-1497-4FF4-AC41-5E4A8E9B5851}.AppStore|ARM.Build.0 = Release|Any CPU
		{E00901DB-1497-4FF4-AC41-5E4A8E9B5851}.AppStore|iPhone.ActiveCfg = Release|Any CPU
		{E00901DB-1497-4FF4-AC41-5E4A8E9B5851}.AppStore|iPhone.Build.0 = Release|Any CPU
		{E00901DB-1497-4FF4-AC41-5E4A8E9B5851}.AppStore|iPhoneSimulator.ActiveCfg = Release|Any CPU
		{E00901DB-1497-4FF4-AC41-5E4A8E9B5851}.AppStore|iPhoneSimulator.Build.0 = Release|Any CPU
		{E00901DB-1497-4FF4-AC41-5E4A8E9B5851}.AppStore|x64.ActiveCfg = Release|Any CPU
		{E00901DB-1497-4FF4-AC41-5E4A8E9B5851}.AppStore|x64.Build.0 = Release|Any CPU
		{E00901DB-1497-4FF4-AC41-5E4A8E9B5851}.AppStore|x86.ActiveCfg = Release|Any CPU
		{E00901DB-1497-4FF4-AC41-5E4A8E9B5851}.AppStore|x86.Build.0 = Release|Any CPU
		{E00901DB-1497-4FF4-AC41-5E4A8E9B5851}.Debug|Any CPU.ActiveCfg = Debug|Any CPU
		{E00901DB-1497-4FF4-AC41-5E4A8E9B5851}.Debug|Any CPU.Build.0 = Debug|Any CPU
		{E00901DB-1497-4FF4-AC41-5E4A8E9B5851}.Debug|ARM.ActiveCfg = Debug|Any CPU
		{E00901DB-1497-4FF4-AC41-5E4A8E9B5851}.Debug|ARM.Build.0 = Debug|Any CPU
		{E00901DB-1497-4FF4-AC41-5E4A8E9B5851}.Debug|iPhone.ActiveCfg = Debug|Any CPU
		{E00901DB-1497-4FF4-AC41-5E4A8E9B5851}.Debug|iPhone.Build.0 = Debug|Any CPU
		{E00901DB-1497-4FF4-AC41-5E4A8E9B5851}.Debug|iPhoneSimulator.ActiveCfg = Debug|Any CPU
		{E00901DB-1497-4FF4-AC41-5E4A8E9B5851}.Debug|iPhoneSimulator.Build.0 = Debug|Any CPU
		{E00901DB-1497-4FF4-AC41-5E4A8E9B5851}.Debug|x64.ActiveCfg = Debug|Any CPU
		{E00901DB-1497-4FF4-AC41-5E4A8E9B5851}.Debug|x64.Build.0 = Debug|Any CPU
		{E00901DB-1497-4FF4-AC41-5E4A8E9B5851}.Debug|x86.ActiveCfg = Debug|Any CPU
		{E00901DB-1497-4FF4-AC41-5E4A8E9B5851}.Debug|x86.Build.0 = Debug|Any CPU
		{E00901DB-1497-4FF4-AC41-5E4A8E9B5851}.Release|Any CPU.ActiveCfg = Release|Any CPU
		{E00901DB-1497-4FF4-AC41-5E4A8E9B5851}.Release|Any CPU.Build.0 = Release|Any CPU
		{E00901DB-1497-4FF4-AC41-5E4A8E9B5851}.Release|ARM.ActiveCfg = Release|Any CPU
		{E00901DB-1497-4FF4-AC41-5E4A8E9B5851}.Release|ARM.Build.0 = Release|Any CPU
		{E00901DB-1497-4FF4-AC41-5E4A8E9B5851}.Release|iPhone.ActiveCfg = Release|Any CPU
		{E00901DB-1497-4FF4-AC41-5E4A8E9B5851}.Release|iPhone.Build.0 = Release|Any CPU
		{E00901DB-1497-4FF4-AC41-5E4A8E9B5851}.Release|iPhoneSimulator.ActiveCfg = Release|Any CPU
		{E00901DB-1497-4FF4-AC41-5E4A8E9B5851}.Release|iPhoneSimulator.Build.0 = Release|Any CPU
		{E00901DB-1497-4FF4-AC41-5E4A8E9B5851}.Release|x64.ActiveCfg = Release|Any CPU
		{E00901DB-1497-4FF4-AC41-5E4A8E9B5851}.Release|x64.Build.0 = Release|Any CPU
		{E00901DB-1497-4FF4-AC41-5E4A8E9B5851}.Release|x86.ActiveCfg = Release|Any CPU
		{E00901DB-1497-4FF4-AC41-5E4A8E9B5851}.Release|x86.Build.0 = Release|Any CPU
		{B50F7A5B-A17E-4708-9349-A52AC6988C91}.Ad-Hoc|Any CPU.ActiveCfg = Release|Any CPU
		{B50F7A5B-A17E-4708-9349-A52AC6988C91}.Ad-Hoc|Any CPU.Build.0 = Release|Any CPU
		{B50F7A5B-A17E-4708-9349-A52AC6988C91}.Ad-Hoc|ARM.ActiveCfg = Release|Any CPU
		{B50F7A5B-A17E-4708-9349-A52AC6988C91}.Ad-Hoc|ARM.Build.0 = Release|Any CPU
		{B50F7A5B-A17E-4708-9349-A52AC6988C91}.Ad-Hoc|iPhone.ActiveCfg = Release|Any CPU
		{B50F7A5B-A17E-4708-9349-A52AC6988C91}.Ad-Hoc|iPhone.Build.0 = Release|Any CPU
		{B50F7A5B-A17E-4708-9349-A52AC6988C91}.Ad-Hoc|iPhoneSimulator.ActiveCfg = Release|Any CPU
		{B50F7A5B-A17E-4708-9349-A52AC6988C91}.Ad-Hoc|iPhoneSimulator.Build.0 = Release|Any CPU
		{B50F7A5B-A17E-4708-9349-A52AC6988C91}.Ad-Hoc|x64.ActiveCfg = Release|Any CPU
		{B50F7A5B-A17E-4708-9349-A52AC6988C91}.Ad-Hoc|x64.Build.0 = Release|Any CPU
		{B50F7A5B-A17E-4708-9349-A52AC6988C91}.Ad-Hoc|x86.ActiveCfg = Release|Any CPU
		{B50F7A5B-A17E-4708-9349-A52AC6988C91}.Ad-Hoc|x86.Build.0 = Release|Any CPU
		{B50F7A5B-A17E-4708-9349-A52AC6988C91}.AppStore|Any CPU.ActiveCfg = Release|Any CPU
		{B50F7A5B-A17E-4708-9349-A52AC6988C91}.AppStore|Any CPU.Build.0 = Release|Any CPU
		{B50F7A5B-A17E-4708-9349-A52AC6988C91}.AppStore|ARM.ActiveCfg = Release|Any CPU
		{B50F7A5B-A17E-4708-9349-A52AC6988C91}.AppStore|ARM.Build.0 = Release|Any CPU
		{B50F7A5B-A17E-4708-9349-A52AC6988C91}.AppStore|iPhone.ActiveCfg = Release|Any CPU
		{B50F7A5B-A17E-4708-9349-A52AC6988C91}.AppStore|iPhone.Build.0 = Release|Any CPU
		{B50F7A5B-A17E-4708-9349-A52AC6988C91}.AppStore|iPhoneSimulator.ActiveCfg = Release|Any CPU
		{B50F7A5B-A17E-4708-9349-A52AC6988C91}.AppStore|iPhoneSimulator.Build.0 = Release|Any CPU
		{B50F7A5B-A17E-4708-9349-A52AC6988C91}.AppStore|x64.ActiveCfg = Release|Any CPU
		{B50F7A5B-A17E-4708-9349-A52AC6988C91}.AppStore|x64.Build.0 = Release|Any CPU
		{B50F7A5B-A17E-4708-9349-A52AC6988C91}.AppStore|x86.ActiveCfg = Release|Any CPU
		{B50F7A5B-A17E-4708-9349-A52AC6988C91}.AppStore|x86.Build.0 = Release|Any CPU
		{B50F7A5B-A17E-4708-9349-A52AC6988C91}.Debug|Any CPU.ActiveCfg = Debug|Any CPU
		{B50F7A5B-A17E-4708-9349-A52AC6988C91}.Debug|Any CPU.Build.0 = Debug|Any CPU
		{B50F7A5B-A17E-4708-9349-A52AC6988C91}.Debug|ARM.ActiveCfg = Debug|Any CPU
		{B50F7A5B-A17E-4708-9349-A52AC6988C91}.Debug|ARM.Build.0 = Debug|Any CPU
		{B50F7A5B-A17E-4708-9349-A52AC6988C91}.Debug|iPhone.ActiveCfg = Debug|Any CPU
		{B50F7A5B-A17E-4708-9349-A52AC6988C91}.Debug|iPhone.Build.0 = Debug|Any CPU
		{B50F7A5B-A17E-4708-9349-A52AC6988C91}.Debug|iPhoneSimulator.ActiveCfg = Debug|Any CPU
		{B50F7A5B-A17E-4708-9349-A52AC6988C91}.Debug|iPhoneSimulator.Build.0 = Debug|Any CPU
		{B50F7A5B-A17E-4708-9349-A52AC6988C91}.Debug|x64.ActiveCfg = Debug|Any CPU
		{B50F7A5B-A17E-4708-9349-A52AC6988C91}.Debug|x64.Build.0 = Debug|Any CPU
		{B50F7A5B-A17E-4708-9349-A52AC6988C91}.Debug|x86.ActiveCfg = Debug|Any CPU
		{B50F7A5B-A17E-4708-9349-A52AC6988C91}.Debug|x86.Build.0 = Debug|Any CPU
		{B50F7A5B-A17E-4708-9349-A52AC6988C91}.Release|Any CPU.ActiveCfg = Release|Any CPU
		{B50F7A5B-A17E-4708-9349-A52AC6988C91}.Release|Any CPU.Build.0 = Release|Any CPU
		{B50F7A5B-A17E-4708-9349-A52AC6988C91}.Release|ARM.ActiveCfg = Release|Any CPU
		{B50F7A5B-A17E-4708-9349-A52AC6988C91}.Release|ARM.Build.0 = Release|Any CPU
		{B50F7A5B-A17E-4708-9349-A52AC6988C91}.Release|iPhone.ActiveCfg = Release|Any CPU
		{B50F7A5B-A17E-4708-9349-A52AC6988C91}.Release|iPhone.Build.0 = Release|Any CPU
		{B50F7A5B-A17E-4708-9349-A52AC6988C91}.Release|iPhoneSimulator.ActiveCfg = Release|Any CPU
		{B50F7A5B-A17E-4708-9349-A52AC6988C91}.Release|iPhoneSimulator.Build.0 = Release|Any CPU
		{B50F7A5B-A17E-4708-9349-A52AC6988C91}.Release|x64.ActiveCfg = Release|Any CPU
		{B50F7A5B-A17E-4708-9349-A52AC6988C91}.Release|x64.Build.0 = Release|Any CPU
		{B50F7A5B-A17E-4708-9349-A52AC6988C91}.Release|x86.ActiveCfg = Release|Any CPU
		{B50F7A5B-A17E-4708-9349-A52AC6988C91}.Release|x86.Build.0 = Release|Any CPU
		{28E9E1CD-44C9-41E9-A129-848460474B62}.Ad-Hoc|Any CPU.ActiveCfg = Release|Any CPU
		{28E9E1CD-44C9-41E9-A129-848460474B62}.Ad-Hoc|Any CPU.Build.0 = Release|Any CPU
		{28E9E1CD-44C9-41E9-A129-848460474B62}.Ad-Hoc|ARM.ActiveCfg = Release|Any CPU
		{28E9E1CD-44C9-41E9-A129-848460474B62}.Ad-Hoc|ARM.Build.0 = Release|Any CPU
		{28E9E1CD-44C9-41E9-A129-848460474B62}.Ad-Hoc|iPhone.ActiveCfg = Release|Any CPU
		{28E9E1CD-44C9-41E9-A129-848460474B62}.Ad-Hoc|iPhone.Build.0 = Release|Any CPU
		{28E9E1CD-44C9-41E9-A129-848460474B62}.Ad-Hoc|iPhoneSimulator.ActiveCfg = Release|Any CPU
		{28E9E1CD-44C9-41E9-A129-848460474B62}.Ad-Hoc|iPhoneSimulator.Build.0 = Release|Any CPU
		{28E9E1CD-44C9-41E9-A129-848460474B62}.Ad-Hoc|x64.ActiveCfg = Release|Any CPU
		{28E9E1CD-44C9-41E9-A129-848460474B62}.Ad-Hoc|x64.Build.0 = Release|Any CPU
		{28E9E1CD-44C9-41E9-A129-848460474B62}.Ad-Hoc|x86.ActiveCfg = Release|Any CPU
		{28E9E1CD-44C9-41E9-A129-848460474B62}.Ad-Hoc|x86.Build.0 = Release|Any CPU
		{28E9E1CD-44C9-41E9-A129-848460474B62}.AppStore|Any CPU.ActiveCfg = Release|Any CPU
		{28E9E1CD-44C9-41E9-A129-848460474B62}.AppStore|Any CPU.Build.0 = Release|Any CPU
		{28E9E1CD-44C9-41E9-A129-848460474B62}.AppStore|ARM.ActiveCfg = Release|Any CPU
		{28E9E1CD-44C9-41E9-A129-848460474B62}.AppStore|ARM.Build.0 = Release|Any CPU
		{28E9E1CD-44C9-41E9-A129-848460474B62}.AppStore|iPhone.ActiveCfg = Release|Any CPU
		{28E9E1CD-44C9-41E9-A129-848460474B62}.AppStore|iPhone.Build.0 = Release|Any CPU
		{28E9E1CD-44C9-41E9-A129-848460474B62}.AppStore|iPhoneSimulator.ActiveCfg = Release|Any CPU
		{28E9E1CD-44C9-41E9-A129-848460474B62}.AppStore|iPhoneSimulator.Build.0 = Release|Any CPU
		{28E9E1CD-44C9-41E9-A129-848460474B62}.AppStore|x64.ActiveCfg = Release|Any CPU
		{28E9E1CD-44C9-41E9-A129-848460474B62}.AppStore|x64.Build.0 = Release|Any CPU
		{28E9E1CD-44C9-41E9-A129-848460474B62}.AppStore|x86.ActiveCfg = Release|Any CPU
		{28E9E1CD-44C9-41E9-A129-848460474B62}.AppStore|x86.Build.0 = Release|Any CPU
		{28E9E1CD-44C9-41E9-A129-848460474B62}.Debug|Any CPU.ActiveCfg = Debug|Any CPU
		{28E9E1CD-44C9-41E9-A129-848460474B62}.Debug|Any CPU.Build.0 = Debug|Any CPU
		{28E9E1CD-44C9-41E9-A129-848460474B62}.Debug|ARM.ActiveCfg = Debug|Any CPU
		{28E9E1CD-44C9-41E9-A129-848460474B62}.Debug|ARM.Build.0 = Debug|Any CPU
		{28E9E1CD-44C9-41E9-A129-848460474B62}.Debug|iPhone.ActiveCfg = Debug|Any CPU
		{28E9E1CD-44C9-41E9-A129-848460474B62}.Debug|iPhone.Build.0 = Debug|Any CPU
		{28E9E1CD-44C9-41E9-A129-848460474B62}.Debug|iPhoneSimulator.ActiveCfg = Debug|Any CPU
		{28E9E1CD-44C9-41E9-A129-848460474B62}.Debug|iPhoneSimulator.Build.0 = Debug|Any CPU
		{28E9E1CD-44C9-41E9-A129-848460474B62}.Debug|x64.ActiveCfg = Debug|Any CPU
		{28E9E1CD-44C9-41E9-A129-848460474B62}.Debug|x64.Build.0 = Debug|Any CPU
		{28E9E1CD-44C9-41E9-A129-848460474B62}.Debug|x86.ActiveCfg = Debug|Any CPU
		{28E9E1CD-44C9-41E9-A129-848460474B62}.Debug|x86.Build.0 = Debug|Any CPU
		{28E9E1CD-44C9-41E9-A129-848460474B62}.Release|Any CPU.ActiveCfg = Release|Any CPU
		{28E9E1CD-44C9-41E9-A129-848460474B62}.Release|Any CPU.Build.0 = Release|Any CPU
		{28E9E1CD-44C9-41E9-A129-848460474B62}.Release|ARM.ActiveCfg = Release|Any CPU
		{28E9E1CD-44C9-41E9-A129-848460474B62}.Release|ARM.Build.0 = Release|Any CPU
		{28E9E1CD-44C9-41E9-A129-848460474B62}.Release|iPhone.ActiveCfg = Release|Any CPU
		{28E9E1CD-44C9-41E9-A129-848460474B62}.Release|iPhone.Build.0 = Release|Any CPU
		{28E9E1CD-44C9-41E9-A129-848460474B62}.Release|iPhoneSimulator.ActiveCfg = Release|Any CPU
		{28E9E1CD-44C9-41E9-A129-848460474B62}.Release|iPhoneSimulator.Build.0 = Release|Any CPU
		{28E9E1CD-44C9-41E9-A129-848460474B62}.Release|x64.ActiveCfg = Release|Any CPU
		{28E9E1CD-44C9-41E9-A129-848460474B62}.Release|x64.Build.0 = Release|Any CPU
		{28E9E1CD-44C9-41E9-A129-848460474B62}.Release|x86.ActiveCfg = Release|Any CPU
		{28E9E1CD-44C9-41E9-A129-848460474B62}.Release|x86.Build.0 = Release|Any CPU
	EndGlobalSection
	GlobalSection(SolutionProperties) = preSolution
		HideSolutionNode = FALSE
	EndGlobalSection
EndGlobal
