
Microsoft Visual Studio Solution File, Format Version 12.00
# Visual Studio 14
VisualStudioVersion = 14.0.25420.1
MinimumVisualStudioVersion = 10.0.40219.1
Project("{FAE04EC0-301F-11D3-BF4B-00C04F79EFBC}") = "ArmyBuilder.Core", "ArmyBuilder\ArmyBuilder.Core\ArmyBuilder.Core.csproj", "{74043E51-EF7B-4CE1-AF3F-7612ED1D05B6}"
EndProject
Project("{FAE04EC0-301F-11D3-BF4B-00C04F79EFBC}") = "ArmyBuilder.UWP", "ArmyBuilder\ArmyBuilder.UWP\ArmyBuilder.UWP.csproj", "{DB20308E-8E4C-4ED4-85AF-66DA6354F20D}"
EndProject
Project("{FAE04EC0-301F-11D3-BF4B-00C04F79EFBC}") = "ArmyBuilder.Windows", "ArmyBuilder\ArmyBuilder.Windows\ArmyBuilder.Windows.csproj", "{6A358B17-A745-4885-B39B-CBF90AD4E27E}"
EndProject
Project("{FAE04EC0-301F-11D3-BF4B-00C04F79EFBC}") = "Slycoder", "ArmyBuilder\Slycoder\Slycoder.csproj", "{E00901DB-1497-4FF4-AC41-5E4A8E9B5851}"
EndProject
Project("{FAE04EC0-301F-11D3-BF4B-00C04F79EFBC}") = "ArmyBuilder.Test", "ArmyBuilder.Test\ArmyBuilder.Test.csproj", "{B50F7A5B-A17E-4708-9349-A52AC6988C91}"
EndProject
Project("{FAE04EC0-301F-11D3-BF4B-00C04F79EFBC}") = "ArmyBuilder.XMLEditor", "ArmyBuilder.XMLEditor\ArmyBuilder.XMLEditor.csproj", "{28E9E1CD-44C9-41E9-A129-848460474B62}"
EndProject
Project("{FAE04EC0-301F-11D3-BF4B-00C04F79EFBC}") = "ArmyBuilder.XamarianForms.Droid", "ArmyBuilder.XamarianForms\ArmyBuilder.XamarianForms.Droid\ArmyBuilder.XamarianForms.Droid.csproj", "{D8619782-39D8-4BAB-8196-C9A5B45316F2}"
EndProject
Project("{FAE04EC0-301F-11D3-BF4B-00C04F79EFBC}") = "ArmyBuilder.XamarianForms.iOS", "ArmyBuilder.XamarianForms\ArmyBuilder.XamarianForms.iOS\ArmyBuilder.XamarianForms.iOS.csproj", "{10BA5BAB-4E1F-4CFE-97C5-7B5F0A38A040}"
EndProject
Project("{FAE04EC0-301F-11D3-BF4B-00C04F79EFBC}") = "ArmyBuilder.XamarianForms.WinPhone", "ArmyBuilder.XamarianForms\ArmyBuilder.XamarianForms.WinPhone\ArmyBuilder.XamarianForms.WinPhone.csproj", "{9405AD0A-9B7C-4891-9F0C-D4229BB86C8C}"
EndProject
Project("{FAE04EC0-301F-11D3-BF4B-00C04F79EFBC}") = "ArmyBuilder.XamarianForms.Windows", "ArmyBuilder.XamarianForms\ArmyBuilder.XamarianForms.Windows\ArmyBuilder.XamarianForms.Windows.csproj", "{C1B9C7A3-C746-4F2B-81BE-AB480BE50005}"
EndProject
Project("{FAE04EC0-301F-11D3-BF4B-00C04F79EFBC}") = "ArmyBuilder.XamarianForms", "ArmyBuilder.XamarianForms\ArmyBuilder.XamarianForms\ArmyBuilder.XamarianForms.csproj", "{C781B7C7-CB56-481C-9119-8632A5E13683}"
EndProject
Global
	GlobalSection(SolutionConfigurationPlatforms) = preSolution
		Ad-Hoc|Any CPU = Ad-Hoc|Any CPU
		Ad-Hoc|ARM = Ad-Hoc|ARM
		Ad-Hoc|iPhone = Ad-Hoc|iPhone
		Ad-Hoc|iPhoneSimulator = Ad-Hoc|iPhoneSimulator
		Ad-Hoc|x64 = Ad-Hoc|x64
		Ad-Hoc|x86 = Ad-Hoc|x86
		AppStore|Any CPU = AppStore|Any CPU
		AppStore|ARM = AppStore|ARM
		AppStore|iPhone = AppStore|iPhone
		AppStore|iPhoneSimulator = AppStore|iPhoneSimulator
		AppStore|x64 = AppStore|x64
		AppStore|x86 = AppStore|x86
		Debug|Any CPU = Debug|Any CPU
		Debug|ARM = Debug|ARM
		Debug|iPhone = Debug|iPhone
		Debug|iPhoneSimulator = Debug|iPhoneSimulator
		Debug|x64 = Debug|x64
		Debug|x86 = Debug|x86
		Release|Any CPU = Release|Any CPU
		Release|ARM = Release|ARM
		Release|iPhone = Release|iPhone
		Release|iPhoneSimulator = Release|iPhoneSimulator
		Release|x64 = Release|x64
		Release|x86 = Release|x86
	EndGlobalSection
	GlobalSection(ProjectConfigurationPlatforms) = postSolution
		{74043E51-EF7B-4CE1-AF3F-7612ED1D05B6}.Ad-Hoc|Any CPU.ActiveCfg = Release|Any CPU
		{74043E51-EF7B-4CE1-AF3F-7612ED1D05B6}.Ad-Hoc|Any CPU.Build.0 = Release|Any CPU
		{74043E51-EF7B-4CE1-AF3F-7612ED1D05B6}.Ad-Hoc|ARM.ActiveCfg = Release|Any CPU
		{74043E51-EF7B-4CE1-AF3F-7612ED1D05B6}.Ad-Hoc|ARM.Build.0 = Release|Any CPU
		{74043E51-EF7B-4CE1-AF3F-7612ED1D05B6}.Ad-Hoc|iPhone.ActiveCfg = Release|Any CPU
		{74043E51-EF7B-4CE1-AF3F-7612ED1D05B6}.Ad-Hoc|iPhone.Build.0 = Release|Any CPU
		{74043E51-EF7B-4CE1-AF3F-7612ED1D05B6}.Ad-Hoc|iPhoneSimulator.ActiveCfg = Release|Any CPU
		{74043E51-EF7B-4CE1-AF3F-7612ED1D05B6}.Ad-Hoc|iPhoneSimulator.Build.0 = Release|Any CPU
		{74043E51-EF7B-4CE1-AF3F-7612ED1D05B6}.Ad-Hoc|x64.ActiveCfg = Release|Any CPU
		{74043E51-EF7B-4CE1-AF3F-7612ED1D05B6}.Ad-Hoc|x64.Build.0 = Release|Any CPU
		{74043E51-EF7B-4CE1-AF3F-7612ED1D05B6}.Ad-Hoc|x86.ActiveCfg = Release|Any CPU
		{74043E51-EF7B-4CE1-AF3F-7612ED1D05B6}.Ad-Hoc|x86.Build.0 = Release|Any CPU
		{74043E51-EF7B-4CE1-AF3F-7612ED1D05B6}.AppStore|Any CPU.ActiveCfg = Release|Any CPU
		{74043E51-EF7B-4CE1-AF3F-7612ED1D05B6}.AppStore|Any CPU.Build.0 = Release|Any CPU
		{74043E51-EF7B-4CE1-AF3F-7612ED1D05B6}.AppStore|ARM.ActiveCfg = Release|Any CPU
		{74043E51-EF7B-4CE1-AF3F-7612ED1D05B6}.AppStore|ARM.Build.0 = Release|Any CPU
		{74043E51-EF7B-4CE1-AF3F-7612ED1D05B6}.AppStore|iPhone.ActiveCfg = Release|Any CPU
		{74043E51-EF7B-4CE1-AF3F-7612ED1D05B6}.AppStore|iPhone.Build.0 = Release|Any CPU
		{74043E51-EF7B-4CE1-AF3F-7612ED1D05B6}.AppStore|iPhoneSimulator.ActiveCfg = Release|Any CPU
		{74043E51-EF7B-4CE1-AF3F-7612ED1D05B6}.AppStore|iPhoneSimulator.Build.0 = Release|Any CPU
		{74043E51-EF7B-4CE1-AF3F-7612ED1D05B6}.AppStore|x64.ActiveCfg = Release|Any CPU
		{74043E51-EF7B-4CE1-AF3F-7612ED1D05B6}.AppStore|x64.Build.0 = Release|Any CPU
		{74043E51-EF7B-4CE1-AF3F-7612ED1D05B6}.AppStore|x86.ActiveCfg = Release|Any CPU
		{74043E51-EF7B-4CE1-AF3F-7612ED1D05B6}.AppStore|x86.Build.0 = Release|Any CPU
		{74043E51-EF7B-4CE1-AF3F-7612ED1D05B6}.Debug|Any CPU.ActiveCfg = Debug|Any CPU
		{74043E51-EF7B-4CE1-AF3F-7612ED1D05B6}.Debug|Any CPU.Build.0 = Debug|Any CPU
		{74043E51-EF7B-4CE1-AF3F-7612ED1D05B6}.Debug|ARM.ActiveCfg = Debug|Any CPU
		{74043E51-EF7B-4CE1-AF3F-7612ED1D05B6}.Debug|ARM.Build.0 = Debug|Any CPU
		{74043E51-EF7B-4CE1-AF3F-7612ED1D05B6}.Debug|iPhone.ActiveCfg = Debug|Any CPU
		{74043E51-EF7B-4CE1-AF3F-7612ED1D05B6}.Debug|iPhone.Build.0 = Debug|Any CPU
		{74043E51-EF7B-4CE1-AF3F-7612ED1D05B6}.Debug|iPhoneSimulator.ActiveCfg = Debug|Any CPU
		{74043E51-EF7B-4CE1-AF3F-7612ED1D05B6}.Debug|iPhoneSimulator.Build.0 = Debug|Any CPU
		{74043E51-EF7B-4CE1-AF3F-7612ED1D05B6}.Debug|x64.ActiveCfg = Debug|Any CPU
		{74043E51-EF7B-4CE1-AF3F-7612ED1D05B6}.Debug|x64.Build.0 = Debug|Any CPU
		{74043E51-EF7B-4CE1-AF3F-7612ED1D05B6}.Debug|x86.ActiveCfg = Debug|Any CPU
		{74043E51-EF7B-4CE1-AF3F-7612ED1D05B6}.Debug|x86.Build.0 = Debug|Any CPU
		{74043E51-EF7B-4CE1-AF3F-7612ED1D05B6}.Release|Any CPU.ActiveCfg = Release|Any CPU
		{74043E51-EF7B-4CE1-AF3F-7612ED1D05B6}.Release|Any CPU.Build.0 = Release|Any CPU
		{74043E51-EF7B-4CE1-AF3F-7612ED1D05B6}.Release|ARM.ActiveCfg = Release|Any CPU
		{74043E51-EF7B-4CE1-AF3F-7612ED1D05B6}.Release|ARM.Build.0 = Release|Any CPU
		{74043E51-EF7B-4CE1-AF3F-7612ED1D05B6}.Release|iPhone.ActiveCfg = Release|Any CPU
		{74043E51-EF7B-4CE1-AF3F-7612ED1D05B6}.Release|iPhone.Build.0 = Release|Any CPU
		{74043E51-EF7B-4CE1-AF3F-7612ED1D05B6}.Release|iPhoneSimulator.ActiveCfg = Release|Any CPU
		{74043E51-EF7B-4CE1-AF3F-7612ED1D05B6}.Release|iPhoneSimulator.Build.0 = Release|Any CPU
		{74043E51-EF7B-4CE1-AF3F-7612ED1D05B6}.Release|x64.ActiveCfg = Release|Any CPU
		{74043E51-EF7B-4CE1-AF3F-7612ED1D05B6}.Release|x64.Build.0 = Release|Any CPU
		{74043E51-EF7B-4CE1-AF3F-7612ED1D05B6}.Release|x86.ActiveCfg = Release|Any CPU
		{74043E51-EF7B-4CE1-AF3F-7612ED1D05B6}.Release|x86.Build.0 = Release|Any CPU
		{DB20308E-8E4C-4ED4-85AF-66DA6354F20D}.Ad-Hoc|Any CPU.ActiveCfg = Release|x64
		{DB20308E-8E4C-4ED4-85AF-66DA6354F20D}.Ad-Hoc|Any CPU.Build.0 = Release|x64
		{DB20308E-8E4C-4ED4-85AF-66DA6354F20D}.Ad-Hoc|Any CPU.Deploy.0 = Release|x64
		{DB20308E-8E4C-4ED4-85AF-66DA6354F20D}.Ad-Hoc|ARM.ActiveCfg = Release|ARM
		{DB20308E-8E4C-4ED4-85AF-66DA6354F20D}.Ad-Hoc|ARM.Build.0 = Release|ARM
		{DB20308E-8E4C-4ED4-85AF-66DA6354F20D}.Ad-Hoc|ARM.Deploy.0 = Release|ARM
		{DB20308E-8E4C-4ED4-85AF-66DA6354F20D}.Ad-Hoc|iPhone.ActiveCfg = Release|x64
		{DB20308E-8E4C-4ED4-85AF-66DA6354F20D}.Ad-Hoc|iPhone.Build.0 = Release|x64
		{DB20308E-8E4C-4ED4-85AF-66DA6354F20D}.Ad-Hoc|iPhone.Deploy.0 = Release|x64
		{DB20308E-8E4C-4ED4-85AF-66DA6354F20D}.Ad-Hoc|iPhoneSimulator.ActiveCfg = Release|x64
		{DB20308E-8E4C-4ED4-85AF-66DA6354F20D}.Ad-Hoc|iPhoneSimulator.Build.0 = Release|x64
		{DB20308E-8E4C-4ED4-85AF-66DA6354F20D}.Ad-Hoc|iPhoneSimulator.Deploy.0 = Release|x64
		{DB20308E-8E4C-4ED4-85AF-66DA6354F20D}.Ad-Hoc|x64.ActiveCfg = Release|x64
		{DB20308E-8E4C-4ED4-85AF-66DA6354F20D}.Ad-Hoc|x64.Build.0 = Release|x64
		{DB20308E-8E4C-4ED4-85AF-66DA6354F20D}.Ad-Hoc|x64.Deploy.0 = Release|x64
		{DB20308E-8E4C-4ED4-85AF-66DA6354F20D}.Ad-Hoc|x86.ActiveCfg = Release|x86
		{DB20308E-8E4C-4ED4-85AF-66DA6354F20D}.Ad-Hoc|x86.Build.0 = Release|x86
		{DB20308E-8E4C-4ED4-85AF-66DA6354F20D}.Ad-Hoc|x86.Deploy.0 = Release|x86
		{DB20308E-8E4C-4ED4-85AF-66DA6354F20D}.AppStore|Any CPU.ActiveCfg = Release|x64
		{DB20308E-8E4C-4ED4-85AF-66DA6354F20D}.AppStore|Any CPU.Build.0 = Release|x64
		{DB20308E-8E4C-4ED4-85AF-66DA6354F20D}.AppStore|Any CPU.Deploy.0 = Release|x64
		{DB20308E-8E4C-4ED4-85AF-66DA6354F20D}.AppStore|ARM.ActiveCfg = Release|ARM
		{DB20308E-8E4C-4ED4-85AF-66DA6354F20D}.AppStore|ARM.Build.0 = Release|ARM
		{DB20308E-8E4C-4ED4-85AF-66DA6354F20D}.AppStore|ARM.Deploy.0 = Release|ARM
		{DB20308E-8E4C-4ED4-85AF-66DA6354F20D}.AppStore|iPhone.ActiveCfg = Release|x64
		{DB20308E-8E4C-4ED4-85AF-66DA6354F20D}.AppStore|iPhone.Build.0 = Release|x64
		{DB20308E-8E4C-4ED4-85AF-66DA6354F20D}.AppStore|iPhone.Deploy.0 = Release|x64
		{DB20308E-8E4C-4ED4-85AF-66DA6354F20D}.AppStore|iPhoneSimulator.ActiveCfg = Release|x64
		{DB20308E-8E4C-4ED4-85AF-66DA6354F20D}.AppStore|iPhoneSimulator.Build.0 = Release|x64
		{DB20308E-8E4C-4ED4-85AF-66DA6354F20D}.AppStore|iPhoneSimulator.Deploy.0 = Release|x64
		{DB20308E-8E4C-4ED4-85AF-66DA6354F20D}.AppStore|x64.ActiveCfg = Release|x64
		{DB20308E-8E4C-4ED4-85AF-66DA6354F20D}.AppStore|x64.Build.0 = Release|x64
		{DB20308E-8E4C-4ED4-85AF-66DA6354F20D}.AppStore|x64.Deploy.0 = Release|x64
		{DB20308E-8E4C-4ED4-85AF-66DA6354F20D}.AppStore|x86.ActiveCfg = Release|x86
		{DB20308E-8E4C-4ED4-85AF-66DA6354F20D}.AppStore|x86.Build.0 = Release|x86
		{DB20308E-8E4C-4ED4-85AF-66DA6354F20D}.AppStore|x86.Deploy.0 = Release|x86
		{DB20308E-8E4C-4ED4-85AF-66DA6354F20D}.Debug|Any CPU.ActiveCfg = Debug|x86
		{DB20308E-8E4C-4ED4-85AF-66DA6354F20D}.Debug|Any CPU.Build.0 = Debug|x86
		{DB20308E-8E4C-4ED4-85AF-66DA6354F20D}.Debug|Any CPU.Deploy.0 = Debug|x86
		{DB20308E-8E4C-4ED4-85AF-66DA6354F20D}.Debug|ARM.ActiveCfg = Debug|ARM
		{DB20308E-8E4C-4ED4-85AF-66DA6354F20D}.Debug|ARM.Build.0 = Debug|ARM
		{DB20308E-8E4C-4ED4-85AF-66DA6354F20D}.Debug|ARM.Deploy.0 = Debug|ARM
		{DB20308E-8E4C-4ED4-85AF-66DA6354F20D}.Debug|iPhone.ActiveCfg = Debug|x86
		{DB20308E-8E4C-4ED4-85AF-66DA6354F20D}.Debug|iPhoneSimulator.ActiveCfg = Debug|x86
		{DB20308E-8E4C-4ED4-85AF-66DA6354F20D}.Debug|x64.ActiveCfg = Debug|x64
		{DB20308E-8E4C-4ED4-85AF-66DA6354F20D}.Debug|x64.Build.0 = Debug|x64
		{DB20308E-8E4C-4ED4-85AF-66DA6354F20D}.Debug|x64.Deploy.0 = Debug|x64
		{DB20308E-8E4C-4ED4-85AF-66DA6354F20D}.Debug|x86.ActiveCfg = Debug|x86
		{DB20308E-8E4C-4ED4-85AF-66DA6354F20D}.Debug|x86.Build.0 = Debug|x86
		{DB20308E-8E4C-4ED4-85AF-66DA6354F20D}.Debug|x86.Deploy.0 = Debug|x86
		{DB20308E-8E4C-4ED4-85AF-66DA6354F20D}.Release|Any CPU.ActiveCfg = Release|x86
		{DB20308E-8E4C-4ED4-85AF-66DA6354F20D}.Release|ARM.ActiveCfg = Release|ARM
		{DB20308E-8E4C-4ED4-85AF-66DA6354F20D}.Release|ARM.Build.0 = Release|ARM
		{DB20308E-8E4C-4ED4-85AF-66DA6354F20D}.Release|ARM.Deploy.0 = Release|ARM
		{DB20308E-8E4C-4ED4-85AF-66DA6354F20D}.Release|iPhone.ActiveCfg = Release|x86
		{DB20308E-8E4C-4ED4-85AF-66DA6354F20D}.Release|iPhoneSimulator.ActiveCfg = Release|x86
		{DB20308E-8E4C-4ED4-85AF-66DA6354F20D}.Release|x64.ActiveCfg = Release|x64
		{DB20308E-8E4C-4ED4-85AF-66DA6354F20D}.Release|x64.Build.0 = Release|x64
		{DB20308E-8E4C-4ED4-85AF-66DA6354F20D}.Release|x64.Deploy.0 = Release|x64
		{DB20308E-8E4C-4ED4-85AF-66DA6354F20D}.Release|x86.ActiveCfg = Release|x86
		{DB20308E-8E4C-4ED4-85AF-66DA6354F20D}.Release|x86.Build.0 = Release|x86
		{DB20308E-8E4C-4ED4-85AF-66DA6354F20D}.Release|x86.Deploy.0 = Release|x86
		{6A358B17-A745-4885-B39B-CBF90AD4E27E}.Ad-Hoc|Any CPU.ActiveCfg = Release|Any CPU
		{6A358B17-A745-4885-B39B-CBF90AD4E27E}.Ad-Hoc|Any CPU.Build.0 = Release|Any CPU
		{6A358B17-A745-4885-B39B-CBF90AD4E27E}.Ad-Hoc|ARM.ActiveCfg = Release|Any CPU
		{6A358B17-A745-4885-B39B-CBF90AD4E27E}.Ad-Hoc|ARM.Build.0 = Release|Any CPU
		{6A358B17-A745-4885-B39B-CBF90AD4E27E}.Ad-Hoc|iPhone.ActiveCfg = Release|Any CPU
		{6A358B17-A745-4885-B39B-CBF90AD4E27E}.Ad-Hoc|iPhone.Build.0 = Release|Any CPU
		{6A358B17-A745-4885-B39B-CBF90AD4E27E}.Ad-Hoc|iPhoneSimulator.ActiveCfg = Release|Any CPU
		{6A358B17-A745-4885-B39B-CBF90AD4E27E}.Ad-Hoc|iPhoneSimulator.Build.0 = Release|Any CPU
		{6A358B17-A745-4885-B39B-CBF90AD4E27E}.Ad-Hoc|x64.ActiveCfg = Release|Any CPU
		{6A358B17-A745-4885-B39B-CBF90AD4E27E}.Ad-Hoc|x64.Build.0 = Release|Any CPU
		{6A358B17-A745-4885-B39B-CBF90AD4E27E}.Ad-Hoc|x86.ActiveCfg = Release|Any CPU
		{6A358B17-A745-4885-B39B-CBF90AD4E27E}.Ad-Hoc|x86.Build.0 = Release|Any CPU
		{6A358B17-A745-4885-B39B-CBF90AD4E27E}.AppStore|Any CPU.ActiveCfg = Release|Any CPU
		{6A358B17-A745-4885-B39B-CBF90AD4E27E}.AppStore|Any CPU.Build.0 = Release|Any CPU
		{6A358B17-A745-4885-B39B-CBF90AD4E27E}.AppStore|ARM.ActiveCfg = Release|Any CPU
		{6A358B17-A745-4885-B39B-CBF90AD4E27E}.AppStore|ARM.Build.0 = Release|Any CPU
		{6A358B17-A745-4885-B39B-CBF90AD4E27E}.AppStore|iPhone.ActiveCfg = Release|Any CPU
		{6A358B17-A745-4885-B39B-CBF90AD4E27E}.AppStore|iPhone.Build.0 = Release|Any CPU
		{6A358B17-A745-4885-B39B-CBF90AD4E27E}.AppStore|iPhoneSimulator.ActiveCfg = Release|Any CPU
		{6A358B17-A745-4885-B39B-CBF90AD4E27E}.AppStore|iPhoneSimulator.Build.0 = Release|Any CPU
		{6A358B17-A745-4885-B39B-CBF90AD4E27E}.AppStore|x64.ActiveCfg = Release|Any CPU
		{6A358B17-A745-4885-B39B-CBF90AD4E27E}.AppStore|x64.Build.0 = Release|Any CPU
		{6A358B17-A745-4885-B39B-CBF90AD4E27E}.AppStore|x86.ActiveCfg = Release|Any CPU
		{6A358B17-A745-4885-B39B-CBF90AD4E27E}.AppStore|x86.Build.0 = Release|Any CPU
		{6A358B17-A745-4885-B39B-CBF90AD4E27E}.Debug|Any CPU.ActiveCfg = Debug|Any CPU
		{6A358B17-A745-4885-B39B-CBF90AD4E27E}.Debug|Any CPU.Build.0 = Debug|Any CPU
		{6A358B17-A745-4885-B39B-CBF90AD4E27E}.Debug|ARM.ActiveCfg = Debug|Any CPU
		{6A358B17-A745-4885-B39B-CBF90AD4E27E}.Debug|ARM.Build.0 = Debug|Any CPU
		{6A358B17-A745-4885-B39B-CBF90AD4E27E}.Debug|iPhone.ActiveCfg = Debug|Any CPU
		{6A358B17-A745-4885-B39B-CBF90AD4E27E}.Debug|iPhone.Build.0 = Debug|Any CPU
		{6A358B17-A745-4885-B39B-CBF90AD4E27E}.Debug|iPhoneSimulator.ActiveCfg = Debug|Any CPU
		{6A358B17-A745-4885-B39B-CBF90AD4E27E}.Debug|iPhoneSimulator.Build.0 = Debug|Any CPU
		{6A358B17-A745-4885-B39B-CBF90AD4E27E}.Debug|x64.ActiveCfg = Debug|Any CPU
		{6A358B17-A745-4885-B39B-CBF90AD4E27E}.Debug|x64.Build.0 = Debug|Any CPU
		{6A358B17-A745-4885-B39B-CBF90AD4E27E}.Debug|x86.ActiveCfg = Debug|Any CPU
		{6A358B17-A745-4885-B39B-CBF90AD4E27E}.Debug|x86.Build.0 = Debug|Any CPU
		{6A358B17-A745-4885-B39B-CBF90AD4E27E}.Release|Any CPU.ActiveCfg = Release|Any CPU
		{6A358B17-A745-4885-B39B-CBF90AD4E27E}.Release|Any CPU.Build.0 = Release|Any CPU
		{6A358B17-A745-4885-B39B-CBF90AD4E27E}.Release|ARM.ActiveCfg = Release|Any CPU
		{6A358B17-A745-4885-B39B-CBF90AD4E27E}.Release|ARM.Build.0 = Release|Any CPU
		{6A358B17-A745-4885-B39B-CBF90AD4E27E}.Release|iPhone.ActiveCfg = Release|Any CPU
		{6A358B17-A745-4885-B39B-CBF90AD4E27E}.Release|iPhone.Build.0 = Release|Any CPU
		{6A358B17-A745-4885-B39B-CBF90AD4E27E}.Release|iPhoneSimulator.ActiveCfg = Release|Any CPU
		{6A358B17-A745-4885-B39B-CBF90AD4E27E}.Release|iPhoneSimulator.Build.0 = Release|Any CPU
		{6A358B17-A745-4885-B39B-CBF90AD4E27E}.Release|x64.ActiveCfg = Release|Any CPU
		{6A358B17-A745-4885-B39B-CBF90AD4E27E}.Release|x64.Build.0 = Release|Any CPU
		{6A358B17-A745-4885-B39B-CBF90AD4E27E}.Release|x86.ActiveCfg = Release|Any CPU
		{6A358B17-A745-4885-B39B-CBF90AD4E27E}.Release|x86.Build.0 = Release|Any CPU
		{E00901DB-1497-4FF4-AC41-5E4A8E9B5851}.Ad-Hoc|Any CPU.ActiveCfg = Release|Any CPU
		{E00901DB-1497-4FF4-AC41-5E4A8E9B5851}.Ad-Hoc|Any CPU.Build.0 = Release|Any CPU
		{E00901DB-1497-4FF4-AC41-5E4A8E9B5851}.Ad-Hoc|ARM.ActiveCfg = Release|Any CPU
		{E00901DB-1497-4FF4-AC41-5E4A8E9B5851}.Ad-Hoc|ARM.Build.0 = Release|Any CPU
		{E00901DB-1497-4FF4-AC41-5E4A8E9B5851}.Ad-Hoc|iPhone.ActiveCfg = Release|Any CPU
		{E00901DB-1497-4FF4-AC41-5E4A8E9B5851}.Ad-Hoc|iPhone.Build.0 = Release|Any CPU
		{E00901DB-1497-4FF4-AC41-5E4A8E9B5851}.Ad-Hoc|iPhoneSimulator.ActiveCfg = Release|Any CPU
		{E00901DB-1497-4FF4-AC41-5E4A8E9B5851}.Ad-Hoc|iPhoneSimulator.Build.0 = Release|Any CPU
		{E00901DB-1497-4FF4-AC41-5E4A8E9B5851}.Ad-Hoc|x64.ActiveCfg = Release|Any CPU
		{E00901DB-1497-4FF4-AC41-5E4A8E9B5851}.Ad-Hoc|x64.Build.0 = Release|Any CPU
		{E00901DB-1497-4FF4-AC41-5E4A8E9B5851}.Ad-Hoc|x86.ActiveCfg = Release|Any CPU
		{E00901DB-1497-4FF4-AC41-5E4A8E9B5851}.Ad-Hoc|x86.Build.0 = Release|Any CPU
		{E00901DB-1497-4FF4-AC41-5E4A8E9B5851}.AppStore|Any CPU.ActiveCfg = Release|Any CPU
		{E00901DB-1497-4FF4-AC41-5E4A8E9B5851}.AppStore|Any CPU.Build.0 = Release|Any CPU
		{E00901DB-1497-4FF4-AC41-5E4A8E9B5851}.AppStore|ARM.ActiveCfg = Release|Any CPU
		{E00901DB-1497-4FF4-AC41-5E4A8E9B5851}.AppStore|ARM.Build.0 = Release|Any CPU
		{E00901DB-1497-4FF4-AC41-5E4A8E9B5851}.AppStore|iPhone.ActiveCfg = Release|Any CPU
		{E00901DB-1497-4FF4-AC41-5E4A8E9B5851}.AppStore|iPhone.Build.0 = Release|Any CPU
		{E00901DB-1497-4FF4-AC41-5E4A8E9B5851}.AppStore|iPhoneSimulator.ActiveCfg = Release|Any CPU
		{E00901DB-1497-4FF4-AC41-5E4A8E9B5851}.AppStore|iPhoneSimulator.Build.0 = Release|Any CPU
		{E00901DB-1497-4FF4-AC41-5E4A8E9B5851}.AppStore|x64.ActiveCfg = Release|Any CPU
		{E00901DB-1497-4FF4-AC41-5E4A8E9B5851}.AppStore|x64.Build.0 = Release|Any CPU
		{E00901DB-1497-4FF4-AC41-5E4A8E9B5851}.AppStore|x86.ActiveCfg = Release|Any CPU
		{E00901DB-1497-4FF4-AC41-5E4A8E9B5851}.AppStore|x86.Build.0 = Release|Any CPU
		{E00901DB-1497-4FF4-AC41-5E4A8E9B5851}.Debug|Any CPU.ActiveCfg = Debug|Any CPU
		{E00901DB-1497-4FF4-AC41-5E4A8E9B5851}.Debug|Any CPU.Build.0 = Debug|Any CPU
		{E00901DB-1497-4FF4-AC41-5E4A8E9B5851}.Debug|ARM.ActiveCfg = Debug|Any CPU
		{E00901DB-1497-4FF4-AC41-5E4A8E9B5851}.Debug|ARM.Build.0 = Debug|Any CPU
		{E00901DB-1497-4FF4-AC41-5E4A8E9B5851}.Debug|iPhone.ActiveCfg = Debug|Any CPU
		{E00901DB-1497-4FF4-AC41-5E4A8E9B5851}.Debug|iPhone.Build.0 = Debug|Any CPU
		{E00901DB-1497-4FF4-AC41-5E4A8E9B5851}.Debug|iPhoneSimulator.ActiveCfg = Debug|Any CPU
		{E00901DB-1497-4FF4-AC41-5E4A8E9B5851}.Debug|iPhoneSimulator.Build.0 = Debug|Any CPU
		{E00901DB-1497-4FF4-AC41-5E4A8E9B5851}.Debug|x64.ActiveCfg = Debug|Any CPU
		{E00901DB-1497-4FF4-AC41-5E4A8E9B5851}.Debug|x64.Build.0 = Debug|Any CPU
		{E00901DB-1497-4FF4-AC41-5E4A8E9B5851}.Debug|x86.ActiveCfg = Debug|Any CPU
		{E00901DB-1497-4FF4-AC41-5E4A8E9B5851}.Debug|x86.Build.0 = Debug|Any CPU
		{E00901DB-1497-4FF4-AC41-5E4A8E9B5851}.Release|Any CPU.ActiveCfg = Release|Any CPU
		{E00901DB-1497-4FF4-AC41-5E4A8E9B5851}.Release|Any CPU.Build.0 = Release|Any CPU
		{E00901DB-1497-4FF4-AC41-5E4A8E9B5851}.Release|ARM.ActiveCfg = Release|Any CPU
		{E00901DB-1497-4FF4-AC41-5E4A8E9B5851}.Release|ARM.Build.0 = Release|Any CPU
		{E00901DB-1497-4FF4-AC41-5E4A8E9B5851}.Release|iPhone.ActiveCfg = Release|Any CPU
		{E00901DB-1497-4FF4-AC41-5E4A8E9B5851}.Release|iPhone.Build.0 = Release|Any CPU
		{E00901DB-1497-4FF4-AC41-5E4A8E9B5851}.Release|iPhoneSimulator.ActiveCfg = Release|Any CPU
		{E00901DB-1497-4FF4-AC41-5E4A8E9B5851}.Release|iPhoneSimulator.Build.0 = Release|Any CPU
		{E00901DB-1497-4FF4-AC41-5E4A8E9B5851}.Release|x64.ActiveCfg = Release|Any CPU
		{E00901DB-1497-4FF4-AC41-5E4A8E9B5851}.Release|x64.Build.0 = Release|Any CPU
		{E00901DB-1497-4FF4-AC41-5E4A8E9B5851}.Release|x86.ActiveCfg = Release|Any CPU
		{E00901DB-1497-4FF4-AC41-5E4A8E9B5851}.Release|x86.Build.0 = Release|Any CPU
		{B50F7A5B-A17E-4708-9349-A52AC6988C91}.Ad-Hoc|Any CPU.ActiveCfg = Release|Any CPU
		{B50F7A5B-A17E-4708-9349-A52AC6988C91}.Ad-Hoc|Any CPU.Build.0 = Release|Any CPU
		{B50F7A5B-A17E-4708-9349-A52AC6988C91}.Ad-Hoc|ARM.ActiveCfg = Release|Any CPU
		{B50F7A5B-A17E-4708-9349-A52AC6988C91}.Ad-Hoc|ARM.Build.0 = Release|Any CPU
		{B50F7A5B-A17E-4708-9349-A52AC6988C91}.Ad-Hoc|iPhone.ActiveCfg = Release|Any CPU
		{B50F7A5B-A17E-4708-9349-A52AC6988C91}.Ad-Hoc|iPhone.Build.0 = Release|Any CPU
		{B50F7A5B-A17E-4708-9349-A52AC6988C91}.Ad-Hoc|iPhoneSimulator.ActiveCfg = Release|Any CPU
		{B50F7A5B-A17E-4708-9349-A52AC6988C91}.Ad-Hoc|iPhoneSimulator.Build.0 = Release|Any CPU
		{B50F7A5B-A17E-4708-9349-A52AC6988C91}.Ad-Hoc|x64.ActiveCfg = Release|Any CPU
		{B50F7A5B-A17E-4708-9349-A52AC6988C91}.Ad-Hoc|x64.Build.0 = Release|Any CPU
		{B50F7A5B-A17E-4708-9349-A52AC6988C91}.Ad-Hoc|x86.ActiveCfg = Release|Any CPU
		{B50F7A5B-A17E-4708-9349-A52AC6988C91}.Ad-Hoc|x86.Build.0 = Release|Any CPU
		{B50F7A5B-A17E-4708-9349-A52AC6988C91}.AppStore|Any CPU.ActiveCfg = Release|Any CPU
		{B50F7A5B-A17E-4708-9349-A52AC6988C91}.AppStore|Any CPU.Build.0 = Release|Any CPU
		{B50F7A5B-A17E-4708-9349-A52AC6988C91}.AppStore|ARM.ActiveCfg = Release|Any CPU
		{B50F7A5B-A17E-4708-9349-A52AC6988C91}.AppStore|ARM.Build.0 = Release|Any CPU
		{B50F7A5B-A17E-4708-9349-A52AC6988C91}.AppStore|iPhone.ActiveCfg = Release|Any CPU
		{B50F7A5B-A17E-4708-9349-A52AC6988C91}.AppStore|iPhone.Build.0 = Release|Any CPU
		{B50F7A5B-A17E-4708-9349-A52AC6988C91}.AppStore|iPhoneSimulator.ActiveCfg = Release|Any CPU
		{B50F7A5B-A17E-4708-9349-A52AC6988C91}.AppStore|iPhoneSimulator.Build.0 = Release|Any CPU
		{B50F7A5B-A17E-4708-9349-A52AC6988C91}.AppStore|x64.ActiveCfg = Release|Any CPU
		{B50F7A5B-A17E-4708-9349-A52AC6988C91}.AppStore|x64.Build.0 = Release|Any CPU
		{B50F7A5B-A17E-4708-9349-A52AC6988C91}.AppStore|x86.ActiveCfg = Release|Any CPU
		{B50F7A5B-A17E-4708-9349-A52AC6988C91}.AppStore|x86.Build.0 = Release|Any CPU
		{B50F7A5B-A17E-4708-9349-A52AC6988C91}.Debug|Any CPU.ActiveCfg = Debug|Any CPU
		{B50F7A5B-A17E-4708-9349-A52AC6988C91}.Debug|Any CPU.Build.0 = Debug|Any CPU
		{B50F7A5B-A17E-4708-9349-A52AC6988C91}.Debug|ARM.ActiveCfg = Debug|Any CPU
		{B50F7A5B-A17E-4708-9349-A52AC6988C91}.Debug|ARM.Build.0 = Debug|Any CPU
		{B50F7A5B-A17E-4708-9349-A52AC6988C91}.Debug|iPhone.ActiveCfg = Debug|Any CPU
		{B50F7A5B-A17E-4708-9349-A52AC6988C91}.Debug|iPhone.Build.0 = Debug|Any CPU
		{B50F7A5B-A17E-4708-9349-A52AC6988C91}.Debug|iPhoneSimulator.ActiveCfg = Debug|Any CPU
		{B50F7A5B-A17E-4708-9349-A52AC6988C91}.Debug|iPhoneSimulator.Build.0 = Debug|Any CPU
		{B50F7A5B-A17E-4708-9349-A52AC6988C91}.Debug|x64.ActiveCfg = Debug|Any CPU
		{B50F7A5B-A17E-4708-9349-A52AC6988C91}.Debug|x64.Build.0 = Debug|Any CPU
		{B50F7A5B-A17E-4708-9349-A52AC6988C91}.Debug|x86.ActiveCfg = Debug|Any CPU
		{B50F7A5B-A17E-4708-9349-A52AC6988C91}.Debug|x86.Build.0 = Debug|Any CPU
		{B50F7A5B-A17E-4708-9349-A52AC6988C91}.Release|Any CPU.ActiveCfg = Release|Any CPU
		{B50F7A5B-A17E-4708-9349-A52AC6988C91}.Release|Any CPU.Build.0 = Release|Any CPU
		{B50F7A5B-A17E-4708-9349-A52AC6988C91}.Release|ARM.ActiveCfg = Release|Any CPU
		{B50F7A5B-A17E-4708-9349-A52AC6988C91}.Release|ARM.Build.0 = Release|Any CPU
		{B50F7A5B-A17E-4708-9349-A52AC6988C91}.Release|iPhone.ActiveCfg = Release|Any CPU
		{B50F7A5B-A17E-4708-9349-A52AC6988C91}.Release|iPhone.Build.0 = Release|Any CPU
		{B50F7A5B-A17E-4708-9349-A52AC6988C91}.Release|iPhoneSimulator.ActiveCfg = Release|Any CPU
		{B50F7A5B-A17E-4708-9349-A52AC6988C91}.Release|iPhoneSimulator.Build.0 = Release|Any CPU
		{B50F7A5B-A17E-4708-9349-A52AC6988C91}.Release|x64.ActiveCfg = Release|Any CPU
		{B50F7A5B-A17E-4708-9349-A52AC6988C91}.Release|x64.Build.0 = Release|Any CPU
		{B50F7A5B-A17E-4708-9349-A52AC6988C91}.Release|x86.ActiveCfg = Release|Any CPU
		{B50F7A5B-A17E-4708-9349-A52AC6988C91}.Release|x86.Build.0 = Release|Any CPU
		{28E9E1CD-44C9-41E9-A129-848460474B62}.Ad-Hoc|Any CPU.ActiveCfg = Release|Any CPU
		{28E9E1CD-44C9-41E9-A129-848460474B62}.Ad-Hoc|Any CPU.Build.0 = Release|Any CPU
		{28E9E1CD-44C9-41E9-A129-848460474B62}.Ad-Hoc|ARM.ActiveCfg = Release|Any CPU
		{28E9E1CD-44C9-41E9-A129-848460474B62}.Ad-Hoc|ARM.Build.0 = Release|Any CPU
		{28E9E1CD-44C9-41E9-A129-848460474B62}.Ad-Hoc|iPhone.ActiveCfg = Release|Any CPU
		{28E9E1CD-44C9-41E9-A129-848460474B62}.Ad-Hoc|iPhone.Build.0 = Release|Any CPU
		{28E9E1CD-44C9-41E9-A129-848460474B62}.Ad-Hoc|iPhoneSimulator.ActiveCfg = Release|Any CPU
		{28E9E1CD-44C9-41E9-A129-848460474B62}.Ad-Hoc|iPhoneSimulator.Build.0 = Release|Any CPU
		{28E9E1CD-44C9-41E9-A129-848460474B62}.Ad-Hoc|x64.ActiveCfg = Release|Any CPU
		{28E9E1CD-44C9-41E9-A129-848460474B62}.Ad-Hoc|x64.Build.0 = Release|Any CPU
		{28E9E1CD-44C9-41E9-A129-848460474B62}.Ad-Hoc|x86.ActiveCfg = Release|Any CPU
		{28E9E1CD-44C9-41E9-A129-848460474B62}.Ad-Hoc|x86.Build.0 = Release|Any CPU
		{28E9E1CD-44C9-41E9-A129-848460474B62}.AppStore|Any CPU.ActiveCfg = Release|Any CPU
		{28E9E1CD-44C9-41E9-A129-848460474B62}.AppStore|Any CPU.Build.0 = Release|Any CPU
		{28E9E1CD-44C9-41E9-A129-848460474B62}.AppStore|ARM.ActiveCfg = Release|Any CPU
		{28E9E1CD-44C9-41E9-A129-848460474B62}.AppStore|ARM.Build.0 = Release|Any CPU
		{28E9E1CD-44C9-41E9-A129-848460474B62}.AppStore|iPhone.ActiveCfg = Release|Any CPU
		{28E9E1CD-44C9-41E9-A129-848460474B62}.AppStore|iPhone.Build.0 = Release|Any CPU
		{28E9E1CD-44C9-41E9-A129-848460474B62}.AppStore|iPhoneSimulator.ActiveCfg = Release|Any CPU
		{28E9E1CD-44C9-41E9-A129-848460474B62}.AppStore|iPhoneSimulator.Build.0 = Release|Any CPU
		{28E9E1CD-44C9-41E9-A129-848460474B62}.AppStore|x64.ActiveCfg = Release|Any CPU
		{28E9E1CD-44C9-41E9-A129-848460474B62}.AppStore|x64.Build.0 = Release|Any CPU
		{28E9E1CD-44C9-41E9-A129-848460474B62}.AppStore|x86.ActiveCfg = Release|Any CPU
		{28E9E1CD-44C9-41E9-A129-848460474B62}.AppStore|x86.Build.0 = Release|Any CPU
		{28E9E1CD-44C9-41E9-A129-848460474B62}.Debug|Any CPU.ActiveCfg = Debug|Any CPU
		{28E9E1CD-44C9-41E9-A129-848460474B62}.Debug|Any CPU.Build.0 = Debug|Any CPU
		{28E9E1CD-44C9-41E9-A129-848460474B62}.Debug|ARM.ActiveCfg = Debug|Any CPU
		{28E9E1CD-44C9-41E9-A129-848460474B62}.Debug|ARM.Build.0 = Debug|Any CPU
		{28E9E1CD-44C9-41E9-A129-848460474B62}.Debug|iPhone.ActiveCfg = Debug|Any CPU
		{28E9E1CD-44C9-41E9-A129-848460474B62}.Debug|iPhone.Build.0 = Debug|Any CPU
		{28E9E1CD-44C9-41E9-A129-848460474B62}.Debug|iPhoneSimulator.ActiveCfg = Debug|Any CPU
		{28E9E1CD-44C9-41E9-A129-848460474B62}.Debug|iPhoneSimulator.Build.0 = Debug|Any CPU
		{28E9E1CD-44C9-41E9-A129-848460474B62}.Debug|x64.ActiveCfg = Debug|Any CPU
		{28E9E1CD-44C9-41E9-A129-848460474B62}.Debug|x64.Build.0 = Debug|Any CPU
		{28E9E1CD-44C9-41E9-A129-848460474B62}.Debug|x86.ActiveCfg = Debug|Any CPU
		{28E9E1CD-44C9-41E9-A129-848460474B62}.Debug|x86.Build.0 = Debug|Any CPU
		{28E9E1CD-44C9-41E9-A129-848460474B62}.Release|Any CPU.ActiveCfg = Release|Any CPU
		{28E9E1CD-44C9-41E9-A129-848460474B62}.Release|Any CPU.Build.0 = Release|Any CPU
		{28E9E1CD-44C9-41E9-A129-848460474B62}.Release|ARM.ActiveCfg = Release|Any CPU
		{28E9E1CD-44C9-41E9-A129-848460474B62}.Release|ARM.Build.0 = Release|Any CPU
		{28E9E1CD-44C9-41E9-A129-848460474B62}.Release|iPhone.ActiveCfg = Release|Any CPU
		{28E9E1CD-44C9-41E9-A129-848460474B62}.Release|iPhone.Build.0 = Release|Any CPU
		{28E9E1CD-44C9-41E9-A129-848460474B62}.Release|iPhoneSimulator.ActiveCfg = Release|Any CPU
		{28E9E1CD-44C9-41E9-A129-848460474B62}.Release|iPhoneSimulator.Build.0 = Release|Any CPU
		{28E9E1CD-44C9-41E9-A129-848460474B62}.Release|x64.ActiveCfg = Release|Any CPU
		{28E9E1CD-44C9-41E9-A129-848460474B62}.Release|x64.Build.0 = Release|Any CPU
		{28E9E1CD-44C9-41E9-A129-848460474B62}.Release|x86.ActiveCfg = Release|Any CPU
		{28E9E1CD-44C9-41E9-A129-848460474B62}.Release|x86.Build.0 = Release|Any CPU
		{D8619782-39D8-4BAB-8196-C9A5B45316F2}.Ad-Hoc|Any CPU.ActiveCfg = Release|Any CPU
		{D8619782-39D8-4BAB-8196-C9A5B45316F2}.Ad-Hoc|Any CPU.Build.0 = Release|Any CPU
		{D8619782-39D8-4BAB-8196-C9A5B45316F2}.Ad-Hoc|Any CPU.Deploy.0 = Release|Any CPU
		{D8619782-39D8-4BAB-8196-C9A5B45316F2}.Ad-Hoc|ARM.ActiveCfg = Release|Any CPU
		{D8619782-39D8-4BAB-8196-C9A5B45316F2}.Ad-Hoc|ARM.Build.0 = Release|Any CPU
		{D8619782-39D8-4BAB-8196-C9A5B45316F2}.Ad-Hoc|ARM.Deploy.0 = Release|Any CPU
		{D8619782-39D8-4BAB-8196-C9A5B45316F2}.Ad-Hoc|iPhone.ActiveCfg = Release|Any CPU
		{D8619782-39D8-4BAB-8196-C9A5B45316F2}.Ad-Hoc|iPhone.Build.0 = Release|Any CPU
		{D8619782-39D8-4BAB-8196-C9A5B45316F2}.Ad-Hoc|iPhone.Deploy.0 = Release|Any CPU
		{D8619782-39D8-4BAB-8196-C9A5B45316F2}.Ad-Hoc|iPhoneSimulator.ActiveCfg = Release|Any CPU
		{D8619782-39D8-4BAB-8196-C9A5B45316F2}.Ad-Hoc|iPhoneSimulator.Build.0 = Release|Any CPU
		{D8619782-39D8-4BAB-8196-C9A5B45316F2}.Ad-Hoc|iPhoneSimulator.Deploy.0 = Release|Any CPU
		{D8619782-39D8-4BAB-8196-C9A5B45316F2}.Ad-Hoc|x64.ActiveCfg = Release|Any CPU
		{D8619782-39D8-4BAB-8196-C9A5B45316F2}.Ad-Hoc|x64.Build.0 = Release|Any CPU
		{D8619782-39D8-4BAB-8196-C9A5B45316F2}.Ad-Hoc|x64.Deploy.0 = Release|Any CPU
		{D8619782-39D8-4BAB-8196-C9A5B45316F2}.Ad-Hoc|x86.ActiveCfg = Release|Any CPU
		{D8619782-39D8-4BAB-8196-C9A5B45316F2}.Ad-Hoc|x86.Build.0 = Release|Any CPU
		{D8619782-39D8-4BAB-8196-C9A5B45316F2}.Ad-Hoc|x86.Deploy.0 = Release|Any CPU
		{D8619782-39D8-4BAB-8196-C9A5B45316F2}.AppStore|Any CPU.ActiveCfg = Release|Any CPU
		{D8619782-39D8-4BAB-8196-C9A5B45316F2}.AppStore|Any CPU.Build.0 = Release|Any CPU
		{D8619782-39D8-4BAB-8196-C9A5B45316F2}.AppStore|Any CPU.Deploy.0 = Release|Any CPU
		{D8619782-39D8-4BAB-8196-C9A5B45316F2}.AppStore|ARM.ActiveCfg = Release|Any CPU
		{D8619782-39D8-4BAB-8196-C9A5B45316F2}.AppStore|ARM.Build.0 = Release|Any CPU
		{D8619782-39D8-4BAB-8196-C9A5B45316F2}.AppStore|ARM.Deploy.0 = Release|Any CPU
		{D8619782-39D8-4BAB-8196-C9A5B45316F2}.AppStore|iPhone.ActiveCfg = Release|Any CPU
		{D8619782-39D8-4BAB-8196-C9A5B45316F2}.AppStore|iPhone.Build.0 = Release|Any CPU
		{D8619782-39D8-4BAB-8196-C9A5B45316F2}.AppStore|iPhone.Deploy.0 = Release|Any CPU
		{D8619782-39D8-4BAB-8196-C9A5B45316F2}.AppStore|iPhoneSimulator.ActiveCfg = Release|Any CPU
		{D8619782-39D8-4BAB-8196-C9A5B45316F2}.AppStore|iPhoneSimulator.Build.0 = Release|Any CPU
		{D8619782-39D8-4BAB-8196-C9A5B45316F2}.AppStore|iPhoneSimulator.Deploy.0 = Release|Any CPU
		{D8619782-39D8-4BAB-8196-C9A5B45316F2}.AppStore|x64.ActiveCfg = Release|Any CPU
		{D8619782-39D8-4BAB-8196-C9A5B45316F2}.AppStore|x64.Build.0 = Release|Any CPU
		{D8619782-39D8-4BAB-8196-C9A5B45316F2}.AppStore|x64.Deploy.0 = Release|Any CPU
		{D8619782-39D8-4BAB-8196-C9A5B45316F2}.AppStore|x86.ActiveCfg = Release|Any CPU
		{D8619782-39D8-4BAB-8196-C9A5B45316F2}.AppStore|x86.Build.0 = Release|Any CPU
		{D8619782-39D8-4BAB-8196-C9A5B45316F2}.AppStore|x86.Deploy.0 = Release|Any CPU
		{D8619782-39D8-4BAB-8196-C9A5B45316F2}.Debug|Any CPU.ActiveCfg = Debug|Any CPU
		{D8619782-39D8-4BAB-8196-C9A5B45316F2}.Debug|Any CPU.Build.0 = Debug|Any CPU
		{D8619782-39D8-4BAB-8196-C9A5B45316F2}.Debug|Any CPU.Deploy.0 = Debug|Any CPU
		{D8619782-39D8-4BAB-8196-C9A5B45316F2}.Debug|ARM.ActiveCfg = Debug|Any CPU
		{D8619782-39D8-4BAB-8196-C9A5B45316F2}.Debug|ARM.Build.0 = Debug|Any CPU
		{D8619782-39D8-4BAB-8196-C9A5B45316F2}.Debug|ARM.Deploy.0 = Debug|Any CPU
		{D8619782-39D8-4BAB-8196-C9A5B45316F2}.Debug|iPhone.ActiveCfg = Debug|Any CPU
		{D8619782-39D8-4BAB-8196-C9A5B45316F2}.Debug|iPhone.Build.0 = Debug|Any CPU
		{D8619782-39D8-4BAB-8196-C9A5B45316F2}.Debug|iPhone.Deploy.0 = Debug|Any CPU
		{D8619782-39D8-4BAB-8196-C9A5B45316F2}.Debug|iPhoneSimulator.ActiveCfg = Debug|Any CPU
		{D8619782-39D8-4BAB-8196-C9A5B45316F2}.Debug|iPhoneSimulator.Build.0 = Debug|Any CPU
		{D8619782-39D8-4BAB-8196-C9A5B45316F2}.Debug|iPhoneSimulator.Deploy.0 = Debug|Any CPU
		{D8619782-39D8-4BAB-8196-C9A5B45316F2}.Debug|x64.ActiveCfg = Debug|Any CPU
		{D8619782-39D8-4BAB-8196-C9A5B45316F2}.Debug|x64.Build.0 = Debug|Any CPU
		{D8619782-39D8-4BAB-8196-C9A5B45316F2}.Debug|x64.Deploy.0 = Debug|Any CPU
		{D8619782-39D8-4BAB-8196-C9A5B45316F2}.Debug|x86.ActiveCfg = Debug|Any CPU
		{D8619782-39D8-4BAB-8196-C9A5B45316F2}.Debug|x86.Build.0 = Debug|Any CPU
		{D8619782-39D8-4BAB-8196-C9A5B45316F2}.Debug|x86.Deploy.0 = Debug|Any CPU
		{D8619782-39D8-4BAB-8196-C9A5B45316F2}.Release|Any CPU.ActiveCfg = Release|Any CPU
		{D8619782-39D8-4BAB-8196-C9A5B45316F2}.Release|Any CPU.Build.0 = Release|Any CPU
		{D8619782-39D8-4BAB-8196-C9A5B45316F2}.Release|Any CPU.Deploy.0 = Release|Any CPU
		{D8619782-39D8-4BAB-8196-C9A5B45316F2}.Release|ARM.ActiveCfg = Release|Any CPU
		{D8619782-39D8-4BAB-8196-C9A5B45316F2}.Release|ARM.Build.0 = Release|Any CPU
		{D8619782-39D8-4BAB-8196-C9A5B45316F2}.Release|ARM.Deploy.0 = Release|Any CPU
		{D8619782-39D8-4BAB-8196-C9A5B45316F2}.Release|iPhone.ActiveCfg = Release|Any CPU
		{D8619782-39D8-4BAB-8196-C9A5B45316F2}.Release|iPhone.Build.0 = Release|Any CPU
		{D8619782-39D8-4BAB-8196-C9A5B45316F2}.Release|iPhone.Deploy.0 = Release|Any CPU
		{D8619782-39D8-4BAB-8196-C9A5B45316F2}.Release|iPhoneSimulator.ActiveCfg = Release|Any CPU
		{D8619782-39D8-4BAB-8196-C9A5B45316F2}.Release|iPhoneSimulator.Build.0 = Release|Any CPU
		{D8619782-39D8-4BAB-8196-C9A5B45316F2}.Release|iPhoneSimulator.Deploy.0 = Release|Any CPU
		{D8619782-39D8-4BAB-8196-C9A5B45316F2}.Release|x64.ActiveCfg = Release|Any CPU
		{D8619782-39D8-4BAB-8196-C9A5B45316F2}.Release|x64.Build.0 = Release|Any CPU
		{D8619782-39D8-4BAB-8196-C9A5B45316F2}.Release|x64.Deploy.0 = Release|Any CPU
		{D8619782-39D8-4BAB-8196-C9A5B45316F2}.Release|x86.ActiveCfg = Release|Any CPU
		{D8619782-39D8-4BAB-8196-C9A5B45316F2}.Release|x86.Build.0 = Release|Any CPU
		{D8619782-39D8-4BAB-8196-C9A5B45316F2}.Release|x86.Deploy.0 = Release|Any CPU
		{10BA5BAB-4E1F-4CFE-97C5-7B5F0A38A040}.Ad-Hoc|Any CPU.ActiveCfg = Ad-Hoc|iPhone
		{10BA5BAB-4E1F-4CFE-97C5-7B5F0A38A040}.Ad-Hoc|ARM.ActiveCfg = Ad-Hoc|iPhone
		{10BA5BAB-4E1F-4CFE-97C5-7B5F0A38A040}.Ad-Hoc|iPhone.ActiveCfg = Ad-Hoc|iPhone
		{10BA5BAB-4E1F-4CFE-97C5-7B5F0A38A040}.Ad-Hoc|iPhone.Build.0 = Ad-Hoc|iPhone
		{10BA5BAB-4E1F-4CFE-97C5-7B5F0A38A040}.Ad-Hoc|iPhoneSimulator.ActiveCfg = Ad-Hoc|iPhoneSimulator
		{10BA5BAB-4E1F-4CFE-97C5-7B5F0A38A040}.Ad-Hoc|iPhoneSimulator.Build.0 = Ad-Hoc|iPhoneSimulator
		{10BA5BAB-4E1F-4CFE-97C5-7B5F0A38A040}.Ad-Hoc|x64.ActiveCfg = Ad-Hoc|iPhone
		{10BA5BAB-4E1F-4CFE-97C5-7B5F0A38A040}.Ad-Hoc|x86.ActiveCfg = Ad-Hoc|iPhone
		{10BA5BAB-4E1F-4CFE-97C5-7B5F0A38A040}.AppStore|Any CPU.ActiveCfg = AppStore|iPhone
		{10BA5BAB-4E1F-4CFE-97C5-7B5F0A38A040}.AppStore|ARM.ActiveCfg = AppStore|iPhone
		{10BA5BAB-4E1F-4CFE-97C5-7B5F0A38A040}.AppStore|iPhone.ActiveCfg = AppStore|iPhone
		{10BA5BAB-4E1F-4CFE-97C5-7B5F0A38A040}.AppStore|iPhone.Build.0 = AppStore|iPhone
		{10BA5BAB-4E1F-4CFE-97C5-7B5F0A38A040}.AppStore|iPhoneSimulator.ActiveCfg = AppStore|iPhoneSimulator
		{10BA5BAB-4E1F-4CFE-97C5-7B5F0A38A040}.AppStore|iPhoneSimulator.Build.0 = AppStore|iPhoneSimulator
		{10BA5BAB-4E1F-4CFE-97C5-7B5F0A38A040}.AppStore|x64.ActiveCfg = AppStore|iPhone
		{10BA5BAB-4E1F-4CFE-97C5-7B5F0A38A040}.AppStore|x86.ActiveCfg = AppStore|iPhone
		{10BA5BAB-4E1F-4CFE-97C5-7B5F0A38A040}.Debug|Any CPU.ActiveCfg = Debug|iPhone
		{10BA5BAB-4E1F-4CFE-97C5-7B5F0A38A040}.Debug|ARM.ActiveCfg = Debug|iPhone
		{10BA5BAB-4E1F-4CFE-97C5-7B5F0A38A040}.Debug|iPhone.ActiveCfg = Debug|iPhone
		{10BA5BAB-4E1F-4CFE-97C5-7B5F0A38A040}.Debug|iPhone.Build.0 = Debug|iPhone
		{10BA5BAB-4E1F-4CFE-97C5-7B5F0A38A040}.Debug|iPhoneSimulator.ActiveCfg = Debug|iPhoneSimulator
		{10BA5BAB-4E1F-4CFE-97C5-7B5F0A38A040}.Debug|iPhoneSimulator.Build.0 = Debug|iPhoneSimulator
		{10BA5BAB-4E1F-4CFE-97C5-7B5F0A38A040}.Debug|x64.ActiveCfg = Debug|iPhone
		{10BA5BAB-4E1F-4CFE-97C5-7B5F0A38A040}.Debug|x86.ActiveCfg = Debug|iPhone
		{10BA5BAB-4E1F-4CFE-97C5-7B5F0A38A040}.Release|Any CPU.ActiveCfg = Release|iPhone
		{10BA5BAB-4E1F-4CFE-97C5-7B5F0A38A040}.Release|ARM.ActiveCfg = Release|iPhone
		{10BA5BAB-4E1F-4CFE-97C5-7B5F0A38A040}.Release|iPhone.ActiveCfg = Release|iPhone
		{10BA5BAB-4E1F-4CFE-97C5-7B5F0A38A040}.Release|iPhone.Build.0 = Release|iPhone
		{10BA5BAB-4E1F-4CFE-97C5-7B5F0A38A040}.Release|iPhoneSimulator.ActiveCfg = Release|iPhoneSimulator
		{10BA5BAB-4E1F-4CFE-97C5-7B5F0A38A040}.Release|iPhoneSimulator.Build.0 = Release|iPhoneSimulator
		{10BA5BAB-4E1F-4CFE-97C5-7B5F0A38A040}.Release|x64.ActiveCfg = Release|iPhone
		{10BA5BAB-4E1F-4CFE-97C5-7B5F0A38A040}.Release|x86.ActiveCfg = Release|iPhone
		{9405AD0A-9B7C-4891-9F0C-D4229BB86C8C}.Ad-Hoc|Any CPU.ActiveCfg = Release|Any CPU
		{9405AD0A-9B7C-4891-9F0C-D4229BB86C8C}.Ad-Hoc|Any CPU.Build.0 = Release|Any CPU
		{9405AD0A-9B7C-4891-9F0C-D4229BB86C8C}.Ad-Hoc|Any CPU.Deploy.0 = Release|Any CPU
		{9405AD0A-9B7C-4891-9F0C-D4229BB86C8C}.Ad-Hoc|ARM.ActiveCfg = Release|ARM
		{9405AD0A-9B7C-4891-9F0C-D4229BB86C8C}.Ad-Hoc|ARM.Build.0 = Release|ARM
		{9405AD0A-9B7C-4891-9F0C-D4229BB86C8C}.Ad-Hoc|ARM.Deploy.0 = Release|ARM
		{9405AD0A-9B7C-4891-9F0C-D4229BB86C8C}.Ad-Hoc|iPhone.ActiveCfg = Release|Any CPU
		{9405AD0A-9B7C-4891-9F0C-D4229BB86C8C}.Ad-Hoc|iPhone.Build.0 = Release|Any CPU
		{9405AD0A-9B7C-4891-9F0C-D4229BB86C8C}.Ad-Hoc|iPhone.Deploy.0 = Release|Any CPU
		{9405AD0A-9B7C-4891-9F0C-D4229BB86C8C}.Ad-Hoc|iPhoneSimulator.ActiveCfg = Release|Any CPU
		{9405AD0A-9B7C-4891-9F0C-D4229BB86C8C}.Ad-Hoc|iPhoneSimulator.Build.0 = Release|Any CPU
		{9405AD0A-9B7C-4891-9F0C-D4229BB86C8C}.Ad-Hoc|iPhoneSimulator.Deploy.0 = Release|Any CPU
		{9405AD0A-9B7C-4891-9F0C-D4229BB86C8C}.Ad-Hoc|x64.ActiveCfg = Release|Any CPU
		{9405AD0A-9B7C-4891-9F0C-D4229BB86C8C}.Ad-Hoc|x64.Build.0 = Release|Any CPU
		{9405AD0A-9B7C-4891-9F0C-D4229BB86C8C}.Ad-Hoc|x64.Deploy.0 = Release|Any CPU
		{9405AD0A-9B7C-4891-9F0C-D4229BB86C8C}.Ad-Hoc|x86.ActiveCfg = Release|x86
		{9405AD0A-9B7C-4891-9F0C-D4229BB86C8C}.Ad-Hoc|x86.Build.0 = Release|x86
		{9405AD0A-9B7C-4891-9F0C-D4229BB86C8C}.Ad-Hoc|x86.Deploy.0 = Release|x86
		{9405AD0A-9B7C-4891-9F0C-D4229BB86C8C}.AppStore|Any CPU.ActiveCfg = Release|Any CPU
		{9405AD0A-9B7C-4891-9F0C-D4229BB86C8C}.AppStore|Any CPU.Build.0 = Release|Any CPU
		{9405AD0A-9B7C-4891-9F0C-D4229BB86C8C}.AppStore|Any CPU.Deploy.0 = Release|Any CPU
		{9405AD0A-9B7C-4891-9F0C-D4229BB86C8C}.AppStore|ARM.ActiveCfg = Release|ARM
		{9405AD0A-9B7C-4891-9F0C-D4229BB86C8C}.AppStore|ARM.Build.0 = Release|ARM
		{9405AD0A-9B7C-4891-9F0C-D4229BB86C8C}.AppStore|ARM.Deploy.0 = Release|ARM
		{9405AD0A-9B7C-4891-9F0C-D4229BB86C8C}.AppStore|iPhone.ActiveCfg = Release|Any CPU
		{9405AD0A-9B7C-4891-9F0C-D4229BB86C8C}.AppStore|iPhone.Build.0 = Release|Any CPU
		{9405AD0A-9B7C-4891-9F0C-D4229BB86C8C}.AppStore|iPhone.Deploy.0 = Release|Any CPU
		{9405AD0A-9B7C-4891-9F0C-D4229BB86C8C}.AppStore|iPhoneSimulator.ActiveCfg = Release|Any CPU
		{9405AD0A-9B7C-4891-9F0C-D4229BB86C8C}.AppStore|iPhoneSimulator.Build.0 = Release|Any CPU
		{9405AD0A-9B7C-4891-9F0C-D4229BB86C8C}.AppStore|iPhoneSimulator.Deploy.0 = Release|Any CPU
		{9405AD0A-9B7C-4891-9F0C-D4229BB86C8C}.AppStore|x64.ActiveCfg = Release|Any CPU
		{9405AD0A-9B7C-4891-9F0C-D4229BB86C8C}.AppStore|x64.Build.0 = Release|Any CPU
		{9405AD0A-9B7C-4891-9F0C-D4229BB86C8C}.AppStore|x64.Deploy.0 = Release|Any CPU
		{9405AD0A-9B7C-4891-9F0C-D4229BB86C8C}.AppStore|x86.ActiveCfg = Release|x86
		{9405AD0A-9B7C-4891-9F0C-D4229BB86C8C}.AppStore|x86.Build.0 = Release|x86
		{9405AD0A-9B7C-4891-9F0C-D4229BB86C8C}.AppStore|x86.Deploy.0 = Release|x86
		{9405AD0A-9B7C-4891-9F0C-D4229BB86C8C}.Debug|Any CPU.ActiveCfg = Debug|Any CPU
		{9405AD0A-9B7C-4891-9F0C-D4229BB86C8C}.Debug|Any CPU.Build.0 = Debug|Any CPU
		{9405AD0A-9B7C-4891-9F0C-D4229BB86C8C}.Debug|Any CPU.Deploy.0 = Debug|Any CPU
		{9405AD0A-9B7C-4891-9F0C-D4229BB86C8C}.Debug|ARM.ActiveCfg = Debug|ARM
		{9405AD0A-9B7C-4891-9F0C-D4229BB86C8C}.Debug|ARM.Build.0 = Debug|ARM
		{9405AD0A-9B7C-4891-9F0C-D4229BB86C8C}.Debug|ARM.Deploy.0 = Debug|ARM
		{9405AD0A-9B7C-4891-9F0C-D4229BB86C8C}.Debug|iPhone.ActiveCfg = Debug|Any CPU
		{9405AD0A-9B7C-4891-9F0C-D4229BB86C8C}.Debug|iPhone.Build.0 = Debug|Any CPU
		{9405AD0A-9B7C-4891-9F0C-D4229BB86C8C}.Debug|iPhone.Deploy.0 = Debug|Any CPU
		{9405AD0A-9B7C-4891-9F0C-D4229BB86C8C}.Debug|iPhoneSimulator.ActiveCfg = Debug|Any CPU
		{9405AD0A-9B7C-4891-9F0C-D4229BB86C8C}.Debug|iPhoneSimulator.Build.0 = Debug|Any CPU
		{9405AD0A-9B7C-4891-9F0C-D4229BB86C8C}.Debug|iPhoneSimulator.Deploy.0 = Debug|Any CPU
		{9405AD0A-9B7C-4891-9F0C-D4229BB86C8C}.Debug|x64.ActiveCfg = Debug|Any CPU
		{9405AD0A-9B7C-4891-9F0C-D4229BB86C8C}.Debug|x64.Build.0 = Debug|Any CPU
		{9405AD0A-9B7C-4891-9F0C-D4229BB86C8C}.Debug|x64.Deploy.0 = Debug|Any CPU
		{9405AD0A-9B7C-4891-9F0C-D4229BB86C8C}.Debug|x86.ActiveCfg = Debug|x86
		{9405AD0A-9B7C-4891-9F0C-D4229BB86C8C}.Debug|x86.Build.0 = Debug|x86
		{9405AD0A-9B7C-4891-9F0C-D4229BB86C8C}.Debug|x86.Deploy.0 = Debug|x86
		{9405AD0A-9B7C-4891-9F0C-D4229BB86C8C}.Release|Any CPU.ActiveCfg = Release|Any CPU
		{9405AD0A-9B7C-4891-9F0C-D4229BB86C8C}.Release|Any CPU.Build.0 = Release|Any CPU
		{9405AD0A-9B7C-4891-9F0C-D4229BB86C8C}.Release|Any CPU.Deploy.0 = Release|Any CPU
		{9405AD0A-9B7C-4891-9F0C-D4229BB86C8C}.Release|ARM.ActiveCfg = Release|ARM
		{9405AD0A-9B7C-4891-9F0C-D4229BB86C8C}.Release|ARM.Build.0 = Release|ARM
		{9405AD0A-9B7C-4891-9F0C-D4229BB86C8C}.Release|ARM.Deploy.0 = Release|ARM
		{9405AD0A-9B7C-4891-9F0C-D4229BB86C8C}.Release|iPhone.ActiveCfg = Release|Any CPU
		{9405AD0A-9B7C-4891-9F0C-D4229BB86C8C}.Release|iPhone.Build.0 = Release|Any CPU
		{9405AD0A-9B7C-4891-9F0C-D4229BB86C8C}.Release|iPhone.Deploy.0 = Release|Any CPU
		{9405AD0A-9B7C-4891-9F0C-D4229BB86C8C}.Release|iPhoneSimulator.ActiveCfg = Release|Any CPU
		{9405AD0A-9B7C-4891-9F0C-D4229BB86C8C}.Release|iPhoneSimulator.Build.0 = Release|Any CPU
		{9405AD0A-9B7C-4891-9F0C-D4229BB86C8C}.Release|iPhoneSimulator.Deploy.0 = Release|Any CPU
		{9405AD0A-9B7C-4891-9F0C-D4229BB86C8C}.Release|x64.ActiveCfg = Release|Any CPU
		{9405AD0A-9B7C-4891-9F0C-D4229BB86C8C}.Release|x64.Build.0 = Release|Any CPU
		{9405AD0A-9B7C-4891-9F0C-D4229BB86C8C}.Release|x64.Deploy.0 = Release|Any CPU
		{9405AD0A-9B7C-4891-9F0C-D4229BB86C8C}.Release|x86.ActiveCfg = Release|x86
		{9405AD0A-9B7C-4891-9F0C-D4229BB86C8C}.Release|x86.Build.0 = Release|x86
		{9405AD0A-9B7C-4891-9F0C-D4229BB86C8C}.Release|x86.Deploy.0 = Release|x86
		{C1B9C7A3-C746-4F2B-81BE-AB480BE50005}.Ad-Hoc|Any CPU.ActiveCfg = Release|Any CPU
		{C1B9C7A3-C746-4F2B-81BE-AB480BE50005}.Ad-Hoc|Any CPU.Build.0 = Release|Any CPU
		{C1B9C7A3-C746-4F2B-81BE-AB480BE50005}.Ad-Hoc|Any CPU.Deploy.0 = Release|Any CPU
		{C1B9C7A3-C746-4F2B-81BE-AB480BE50005}.Ad-Hoc|ARM.ActiveCfg = Release|ARM
		{C1B9C7A3-C746-4F2B-81BE-AB480BE50005}.Ad-Hoc|ARM.Build.0 = Release|ARM
		{C1B9C7A3-C746-4F2B-81BE-AB480BE50005}.Ad-Hoc|ARM.Deploy.0 = Release|ARM
		{C1B9C7A3-C746-4F2B-81BE-AB480BE50005}.Ad-Hoc|iPhone.ActiveCfg = Release|Any CPU
		{C1B9C7A3-C746-4F2B-81BE-AB480BE50005}.Ad-Hoc|iPhone.Build.0 = Release|Any CPU
		{C1B9C7A3-C746-4F2B-81BE-AB480BE50005}.Ad-Hoc|iPhone.Deploy.0 = Release|Any CPU
		{C1B9C7A3-C746-4F2B-81BE-AB480BE50005}.Ad-Hoc|iPhoneSimulator.ActiveCfg = Release|Any CPU
		{C1B9C7A3-C746-4F2B-81BE-AB480BE50005}.Ad-Hoc|iPhoneSimulator.Build.0 = Release|Any CPU
		{C1B9C7A3-C746-4F2B-81BE-AB480BE50005}.Ad-Hoc|iPhoneSimulator.Deploy.0 = Release|Any CPU
		{C1B9C7A3-C746-4F2B-81BE-AB480BE50005}.Ad-Hoc|x64.ActiveCfg = Release|x64
		{C1B9C7A3-C746-4F2B-81BE-AB480BE50005}.Ad-Hoc|x64.Build.0 = Release|x64
		{C1B9C7A3-C746-4F2B-81BE-AB480BE50005}.Ad-Hoc|x64.Deploy.0 = Release|x64
		{C1B9C7A3-C746-4F2B-81BE-AB480BE50005}.Ad-Hoc|x86.ActiveCfg = Release|x86
		{C1B9C7A3-C746-4F2B-81BE-AB480BE50005}.Ad-Hoc|x86.Build.0 = Release|x86
		{C1B9C7A3-C746-4F2B-81BE-AB480BE50005}.Ad-Hoc|x86.Deploy.0 = Release|x86
		{C1B9C7A3-C746-4F2B-81BE-AB480BE50005}.AppStore|Any CPU.ActiveCfg = Release|Any CPU
		{C1B9C7A3-C746-4F2B-81BE-AB480BE50005}.AppStore|Any CPU.Build.0 = Release|Any CPU
		{C1B9C7A3-C746-4F2B-81BE-AB480BE50005}.AppStore|Any CPU.Deploy.0 = Release|Any CPU
		{C1B9C7A3-C746-4F2B-81BE-AB480BE50005}.AppStore|ARM.ActiveCfg = Release|ARM
		{C1B9C7A3-C746-4F2B-81BE-AB480BE50005}.AppStore|ARM.Build.0 = Release|ARM
		{C1B9C7A3-C746-4F2B-81BE-AB480BE50005}.AppStore|ARM.Deploy.0 = Release|ARM
		{C1B9C7A3-C746-4F2B-81BE-AB480BE50005}.AppStore|iPhone.ActiveCfg = Release|Any CPU
		{C1B9C7A3-C746-4F2B-81BE-AB480BE50005}.AppStore|iPhone.Build.0 = Release|Any CPU
		{C1B9C7A3-C746-4F2B-81BE-AB480BE50005}.AppStore|iPhone.Deploy.0 = Release|Any CPU
		{C1B9C7A3-C746-4F2B-81BE-AB480BE50005}.AppStore|iPhoneSimulator.ActiveCfg = Release|Any CPU
		{C1B9C7A3-C746-4F2B-81BE-AB480BE50005}.AppStore|iPhoneSimulator.Build.0 = Release|Any CPU
		{C1B9C7A3-C746-4F2B-81BE-AB480BE50005}.AppStore|iPhoneSimulator.Deploy.0 = Release|Any CPU
		{C1B9C7A3-C746-4F2B-81BE-AB480BE50005}.AppStore|x64.ActiveCfg = Release|x64
		{C1B9C7A3-C746-4F2B-81BE-AB480BE50005}.AppStore|x64.Build.0 = Release|x64
		{C1B9C7A3-C746-4F2B-81BE-AB480BE50005}.AppStore|x64.Deploy.0 = Release|x64
		{C1B9C7A3-C746-4F2B-81BE-AB480BE50005}.AppStore|x86.ActiveCfg = Release|x86
		{C1B9C7A3-C746-4F2B-81BE-AB480BE50005}.AppStore|x86.Build.0 = Release|x86
		{C1B9C7A3-C746-4F2B-81BE-AB480BE50005}.AppStore|x86.Deploy.0 = Release|x86
		{C1B9C7A3-C746-4F2B-81BE-AB480BE50005}.Debug|Any CPU.ActiveCfg = Debug|Any CPU
		{C1B9C7A3-C746-4F2B-81BE-AB480BE50005}.Debug|Any CPU.Build.0 = Debug|Any CPU
		{C1B9C7A3-C746-4F2B-81BE-AB480BE50005}.Debug|Any CPU.Deploy.0 = Debug|Any CPU
		{C1B9C7A3-C746-4F2B-81BE-AB480BE50005}.Debug|ARM.ActiveCfg = Debug|ARM
		{C1B9C7A3-C746-4F2B-81BE-AB480BE50005}.Debug|ARM.Build.0 = Debug|ARM
		{C1B9C7A3-C746-4F2B-81BE-AB480BE50005}.Debug|ARM.Deploy.0 = Debug|ARM
		{C1B9C7A3-C746-4F2B-81BE-AB480BE50005}.Debug|iPhone.ActiveCfg = Debug|Any CPU
		{C1B9C7A3-C746-4F2B-81BE-AB480BE50005}.Debug|iPhone.Build.0 = Debug|Any CPU
		{C1B9C7A3-C746-4F2B-81BE-AB480BE50005}.Debug|iPhone.Deploy.0 = Debug|Any CPU
		{C1B9C7A3-C746-4F2B-81BE-AB480BE50005}.Debug|iPhoneSimulator.ActiveCfg = Debug|Any CPU
		{C1B9C7A3-C746-4F2B-81BE-AB480BE50005}.Debug|iPhoneSimulator.Build.0 = Debug|Any CPU
		{C1B9C7A3-C746-4F2B-81BE-AB480BE50005}.Debug|iPhoneSimulator.Deploy.0 = Debug|Any CPU
		{C1B9C7A3-C746-4F2B-81BE-AB480BE50005}.Debug|x64.ActiveCfg = Debug|x64
		{C1B9C7A3-C746-4F2B-81BE-AB480BE50005}.Debug|x64.Build.0 = Debug|x64
		{C1B9C7A3-C746-4F2B-81BE-AB480BE50005}.Debug|x64.Deploy.0 = Debug|x64
		{C1B9C7A3-C746-4F2B-81BE-AB480BE50005}.Debug|x86.ActiveCfg = Debug|x86
		{C1B9C7A3-C746-4F2B-81BE-AB480BE50005}.Debug|x86.Build.0 = Debug|x86
		{C1B9C7A3-C746-4F2B-81BE-AB480BE50005}.Debug|x86.Deploy.0 = Debug|x86
		{C1B9C7A3-C746-4F2B-81BE-AB480BE50005}.Release|Any CPU.ActiveCfg = Release|Any CPU
		{C1B9C7A3-C746-4F2B-81BE-AB480BE50005}.Release|Any CPU.Build.0 = Release|Any CPU
		{C1B9C7A3-C746-4F2B-81BE-AB480BE50005}.Release|Any CPU.Deploy.0 = Release|Any CPU
		{C1B9C7A3-C746-4F2B-81BE-AB480BE50005}.Release|ARM.ActiveCfg = Release|ARM
		{C1B9C7A3-C746-4F2B-81BE-AB480BE50005}.Release|ARM.Build.0 = Release|ARM
		{C1B9C7A3-C746-4F2B-81BE-AB480BE50005}.Release|ARM.Deploy.0 = Release|ARM
		{C1B9C7A3-C746-4F2B-81BE-AB480BE50005}.Release|iPhone.ActiveCfg = Release|Any CPU
		{C1B9C7A3-C746-4F2B-81BE-AB480BE50005}.Release|iPhone.Build.0 = Release|Any CPU
		{C1B9C7A3-C746-4F2B-81BE-AB480BE50005}.Release|iPhone.Deploy.0 = Release|Any CPU
		{C1B9C7A3-C746-4F2B-81BE-AB480BE50005}.Release|iPhoneSimulator.ActiveCfg = Release|Any CPU
		{C1B9C7A3-C746-4F2B-81BE-AB480BE50005}.Release|iPhoneSimulator.Build.0 = Release|Any CPU
		{C1B9C7A3-C746-4F2B-81BE-AB480BE50005}.Release|iPhoneSimulator.Deploy.0 = Release|Any CPU
		{C1B9C7A3-C746-4F2B-81BE-AB480BE50005}.Release|x64.ActiveCfg = Release|x64
		{C1B9C7A3-C746-4F2B-81BE-AB480BE50005}.Release|x64.Build.0 = Release|x64
		{C1B9C7A3-C746-4F2B-81BE-AB480BE50005}.Release|x64.Deploy.0 = Release|x64
		{C1B9C7A3-C746-4F2B-81BE-AB480BE50005}.Release|x86.ActiveCfg = Release|x86
		{C1B9C7A3-C746-4F2B-81BE-AB480BE50005}.Release|x86.Build.0 = Release|x86
		{C1B9C7A3-C746-4F2B-81BE-AB480BE50005}.Release|x86.Deploy.0 = Release|x86
		{C781B7C7-CB56-481C-9119-8632A5E13683}.Ad-Hoc|Any CPU.ActiveCfg = Release|Any CPU
		{C781B7C7-CB56-481C-9119-8632A5E13683}.Ad-Hoc|Any CPU.Build.0 = Release|Any CPU
		{C781B7C7-CB56-481C-9119-8632A5E13683}.Ad-Hoc|ARM.ActiveCfg = Release|Any CPU
		{C781B7C7-CB56-481C-9119-8632A5E13683}.Ad-Hoc|ARM.Build.0 = Release|Any CPU
		{C781B7C7-CB56-481C-9119-8632A5E13683}.Ad-Hoc|iPhone.ActiveCfg = Release|Any CPU
		{C781B7C7-CB56-481C-9119-8632A5E13683}.Ad-Hoc|iPhone.Build.0 = Release|Any CPU
		{C781B7C7-CB56-481C-9119-8632A5E13683}.Ad-Hoc|iPhoneSimulator.ActiveCfg = Release|Any CPU
		{C781B7C7-CB56-481C-9119-8632A5E13683}.Ad-Hoc|iPhoneSimulator.Build.0 = Release|Any CPU
		{C781B7C7-CB56-481C-9119-8632A5E13683}.Ad-Hoc|x64.ActiveCfg = Release|Any CPU
		{C781B7C7-CB56-481C-9119-8632A5E13683}.Ad-Hoc|x64.Build.0 = Release|Any CPU
		{C781B7C7-CB56-481C-9119-8632A5E13683}.Ad-Hoc|x86.ActiveCfg = Release|Any CPU
		{C781B7C7-CB56-481C-9119-8632A5E13683}.Ad-Hoc|x86.Build.0 = Release|Any CPU
		{C781B7C7-CB56-481C-9119-8632A5E13683}.AppStore|Any CPU.ActiveCfg = Release|Any CPU
		{C781B7C7-CB56-481C-9119-8632A5E13683}.AppStore|Any CPU.Build.0 = Release|Any CPU
		{C781B7C7-CB56-481C-9119-8632A5E13683}.AppStore|ARM.ActiveCfg = Release|Any CPU
		{C781B7C7-CB56-481C-9119-8632A5E13683}.AppStore|ARM.Build.0 = Release|Any CPU
		{C781B7C7-CB56-481C-9119-8632A5E13683}.AppStore|iPhone.ActiveCfg = Release|Any CPU
		{C781B7C7-CB56-481C-9119-8632A5E13683}.AppStore|iPhone.Build.0 = Release|Any CPU
		{C781B7C7-CB56-481C-9119-8632A5E13683}.AppStore|iPhoneSimulator.ActiveCfg = Release|Any CPU
		{C781B7C7-CB56-481C-9119-8632A5E13683}.AppStore|iPhoneSimulator.Build.0 = Release|Any CPU
		{C781B7C7-CB56-481C-9119-8632A5E13683}.AppStore|x64.ActiveCfg = Release|Any CPU
		{C781B7C7-CB56-481C-9119-8632A5E13683}.AppStore|x64.Build.0 = Release|Any CPU
		{C781B7C7-CB56-481C-9119-8632A5E13683}.AppStore|x86.ActiveCfg = Release|Any CPU
		{C781B7C7-CB56-481C-9119-8632A5E13683}.AppStore|x86.Build.0 = Release|Any CPU
		{C781B7C7-CB56-481C-9119-8632A5E13683}.Debug|Any CPU.ActiveCfg = Debug|Any CPU
		{C781B7C7-CB56-481C-9119-8632A5E13683}.Debug|Any CPU.Build.0 = Debug|Any CPU
		{C781B7C7-CB56-481C-9119-8632A5E13683}.Debug|ARM.ActiveCfg = Debug|Any CPU
		{C781B7C7-CB56-481C-9119-8632A5E13683}.Debug|ARM.Build.0 = Debug|Any CPU
		{C781B7C7-CB56-481C-9119-8632A5E13683}.Debug|iPhone.ActiveCfg = Debug|Any CPU
		{C781B7C7-CB56-481C-9119-8632A5E13683}.Debug|iPhone.Build.0 = Debug|Any CPU
		{C781B7C7-CB56-481C-9119-8632A5E13683}.Debug|iPhoneSimulator.ActiveCfg = Debug|Any CPU
		{C781B7C7-CB56-481C-9119-8632A5E13683}.Debug|iPhoneSimulator.Build.0 = Debug|Any CPU
		{C781B7C7-CB56-481C-9119-8632A5E13683}.Debug|x64.ActiveCfg = Debug|Any CPU
		{C781B7C7-CB56-481C-9119-8632A5E13683}.Debug|x64.Build.0 = Debug|Any CPU
		{C781B7C7-CB56-481C-9119-8632A5E13683}.Debug|x86.ActiveCfg = Debug|Any CPU
		{C781B7C7-CB56-481C-9119-8632A5E13683}.Debug|x86.Build.0 = Debug|Any CPU
		{C781B7C7-CB56-481C-9119-8632A5E13683}.Release|Any CPU.ActiveCfg = Release|Any CPU
		{C781B7C7-CB56-481C-9119-8632A5E13683}.Release|Any CPU.Build.0 = Release|Any CPU
		{C781B7C7-CB56-481C-9119-8632A5E13683}.Release|ARM.ActiveCfg = Release|Any CPU
		{C781B7C7-CB56-481C-9119-8632A5E13683}.Release|ARM.Build.0 = Release|Any CPU
		{C781B7C7-CB56-481C-9119-8632A5E13683}.Release|iPhone.ActiveCfg = Release|Any CPU
		{C781B7C7-CB56-481C-9119-8632A5E13683}.Release|iPhone.Build.0 = Release|Any CPU
		{C781B7C7-CB56-481C-9119-8632A5E13683}.Release|iPhoneSimulator.ActiveCfg = Release|Any CPU
		{C781B7C7-CB56-481C-9119-8632A5E13683}.Release|iPhoneSimulator.Build.0 = Release|Any CPU
		{C781B7C7-CB56-481C-9119-8632A5E13683}.Release|x64.ActiveCfg = Release|Any CPU
		{C781B7C7-CB56-481C-9119-8632A5E13683}.Release|x64.Build.0 = Release|Any CPU
		{C781B7C7-CB56-481C-9119-8632A5E13683}.Release|x86.ActiveCfg = Release|Any CPU
		{C781B7C7-CB56-481C-9119-8632A5E13683}.Release|x86.Build.0 = Release|Any CPU
	EndGlobalSection
	GlobalSection(SolutionProperties) = preSolution
		HideSolutionNode = FALSE
	EndGlobalSection
EndGlobal
